
Microsoft Visual Studio Solution File, Format Version 12.00
# Visual Studio Version 18
VisualStudioVersion = 18.1.11304.174
MinimumVisualStudioVersion = 10.0.40219.1
Project("{2150E333-8FDC-42A3-9474-1A3956D46DE8}") = "Services", "Services", "{310F2C5A-6698-4ABF-898E-5166CB08C4ED}"
EndProject
Project("{2150E333-8FDC-42A3-9474-1A3956D46DE8}") = "Shared", "Shared", "{0DA0DDCA-CF1F-4F3A-87FC-B527A04026E0}"
EndProject
Project("{9A19103F-16F7-4668-BE54-9A1E7A4F7556}") = "BuildingBlocks", "src\Shared\BuildingBlocks\BuildingBlocks.csproj", "{B9BBDD13-A141-4A23-8E04-F00F48800EDD}"
EndProject
Project("{9A19103F-16F7-4668-BE54-9A1E7A4F7556}") = "EventSourcing", "src\Shared\EventSourcing\EventSourcing.csproj", "{E4FBCFAA-8B20-42DA-9160-4CB62769682A}"
EndProject
Project("{2150E333-8FDC-42A3-9474-1A3956D46DE8}") = "ApiGateway", "ApiGateway", "{596BF733-3CBE-4975-ABA3-45A6E2D357A5}"
EndProject
Project("{9A19103F-16F7-4668-BE54-9A1E7A4F7556}") = "YarpApiGateway", "src\ApiGateway\YarpApiGateway\YarpApiGateway.csproj", "{53C41BF3-9D5F-468E-8463-AD62B2082A68}"
EndProject
Project("{2150E333-8FDC-42A3-9474-1A3956D46DE8}") = "Solution Items", "Solution Items", "{D095784E-9749-42E9-9400-49093A205DE5}"
	ProjectSection(SolutionItems) = preProject
		.coderabbit.yaml = .coderabbit.yaml
		.env = .env
		.env.sample = .env.sample
		.gitignore = .gitignore
		src\Directory.Build.props = src\Directory.Build.props
		src\Directory.Packages.props = src\Directory.Packages.props
		docker-compose.infrastructure.yml = docker-compose.infrastructure.yml
		docker-compose.yml = docker-compose.yml
	EndProjectSection
EndProject
Project("{2150E333-8FDC-42A3-9474-1A3956D46DE8}") = "Search", "Search", "{D54B29E6-15C1-4D82-B836-097C82983DEE}"
EndProject
Project("{2150E333-8FDC-42A3-9474-1A3956D46DE8}") = "Discount", "Discount", "{98445655-23DF-4854-A8E2-060901C55693}"
EndProject
Project("{2150E333-8FDC-42A3-9474-1A3956D46DE8}") = "Basket", "Basket", "{C7327D4E-09CF-4484-A522-536FFD1D60CD}"
EndProject
Project("{2150E333-8FDC-42A3-9474-1A3956D46DE8}") = "Catalog", "Catalog", "{F79A472F-727A-411A-8484-761D27D19B8A}"
EndProject
Project("{2150E333-8FDC-42A3-9474-1A3956D46DE8}") = "Order", "Order", "{974370CE-9CE8-42FD-97AD-1FE3C991D4A2}"
EndProject
Project("{2150E333-8FDC-42A3-9474-1A3956D46DE8}") = "Inventory", "Inventory", "{63CE1D8E-D610-4E1F-9557-3BC8C4AB5559}"
EndProject
Project("{2150E333-8FDC-42A3-9474-1A3956D46DE8}") = "Notification", "Notification", "{260B3617-531F-4277-8FA3-79F2E0701613}"
EndProject
Project("{2150E333-8FDC-42A3-9474-1A3956D46DE8}") = "Worker", "Worker", "{C2D53219-27D3-4A5B-88F2-CAE80644235B}"
EndProject
Project("{2150E333-8FDC-42A3-9474-1A3956D46DE8}") = "Worker", "Worker", "{7567CF9B-7FB5-44EC-99D5-1B5AB9AE7387}"
EndProject
Project("{2150E333-8FDC-42A3-9474-1A3956D46DE8}") = "Worker", "Worker", "{568D3A4C-21DE-4C4E-A7C6-0B62182C5E84}"
EndProject
Project("{2150E333-8FDC-42A3-9474-1A3956D46DE8}") = "Report", "Report", "{D5923B5A-72F6-4D11-95AA-B33892B1C8F3}"
EndProject
Project("{FAE04EC0-301F-11D3-BF4B-00C04F79EFBC}") = "Common", "src\Shared\Common\Common.csproj", "{A0C4F154-6113-4377-87E9-148A0090A357}"
EndProject
Project("{2150E333-8FDC-42A3-9474-1A3956D46DE8}") = "Worker", "Worker", "{598875B7-CE89-4733-9750-F603FB444F3C}"
EndProject
Project("{2150E333-8FDC-42A3-9474-1A3956D46DE8}") = "Contracts", "Contracts", "{8343DF15-77C0-43C2-B607-DCC50E00F0E5}"
EndProject
Project("{FAE04EC0-301F-11D3-BF4B-00C04F79EFBC}") = "Catalog.Contract", "src\Shared\Contracts\Catalog.Contract\Catalog.Contract.csproj", "{B2EE82B0-F237-4F29-987F-F870CF997092}"
EndProject
Project("{2150E333-8FDC-42A3-9474-1A3956D46DE8}") = "Api", "Api", "{E5482513-87B2-4615-A738-85312B35D248}"
EndProject
Project("{2150E333-8FDC-42A3-9474-1A3956D46DE8}") = "Core", "Core", "{3BCDF0B9-CC31-45A9-9187-61030DAC457B}"
EndProject
Project("{FAE04EC0-301F-11D3-BF4B-00C04F79EFBC}") = "Catalog.Api", "src\Services\Catalog\Api\Catalog.Api\Catalog.Api.csproj", "{FABA3A39-32C2-6040-5503-A37A6C4591A1}"
EndProject
Project("{FAE04EC0-301F-11D3-BF4B-00C04F79EFBC}") = "Catalog.Grpc", "src\Services\Catalog\Api\Catalog.Grpc\Catalog.Grpc.csproj", "{96DAE549-1579-BCD5-1407-EC502AAF7A10}"
EndProject
Project("{FAE04EC0-301F-11D3-BF4B-00C04F79EFBC}") = "Catalog.Application", "src\Services\Catalog\Core\Catalog.Application\Catalog.Application.csproj", "{99EA277D-1511-AC2F-89B0-3120D9EF0D74}"
EndProject
Project("{FAE04EC0-301F-11D3-BF4B-00C04F79EFBC}") = "Catalog.Domain", "src\Services\Catalog\Core\Catalog.Domain\Catalog.Domain.csproj", "{AC3DCE5A-3542-46EB-6334-6595D4167590}"
EndProject
Project("{FAE04EC0-301F-11D3-BF4B-00C04F79EFBC}") = "Catalog.Infrastructure", "src\Services\Catalog\Core\Catalog.Infrastructure\Catalog.Infrastructure.csproj", "{4C00CE41-F93C-BC03-5C22-1E152025BE87}"
EndProject
Project("{2150E333-8FDC-42A3-9474-1A3956D46DE8}") = "Core", "Core", "{76D9DA60-9FEF-428D-BB8F-D5CC37C2BF9E}"
EndProject
Project("{2150E333-8FDC-42A3-9474-1A3956D46DE8}") = "Api", "Api", "{C8F5A6EF-509C-4AC5-A1E2-979ACC59E275}"
EndProject
Project("{FAE04EC0-301F-11D3-BF4B-00C04F79EFBC}") = "Inventory.Api", "src\Services\Inventory\Api\Inventory.Api\Inventory.Api.csproj", "{41B6E8CF-A438-5938-4A6F-1DD952A3A018}"
EndProject
Project("{FAE04EC0-301F-11D3-BF4B-00C04F79EFBC}") = "Inventory.Application", "src\Services\Inventory\Core\Inventory.Application\Inventory.Application.csproj", "{66231801-8C0A-8475-562C-633E4B0BCD0C}"
EndProject
Project("{FAE04EC0-301F-11D3-BF4B-00C04F79EFBC}") = "Inventory.Infrastructure", "src\Services\Inventory\Core\Inventory.Infrastructure\Inventory.Infrastructure.csproj", "{E95EB8D4-1ACC-918E-3BE8-F4375AB4249E}"
EndProject
Project("{FAE04EC0-301F-11D3-BF4B-00C04F79EFBC}") = "Inventory.Domain", "src\Services\Inventory\Core\Inventory.Domain\Inventory.Domain.csproj", "{D3BD263B-540E-4336-CC0C-71E7DB864703}"
EndProject
Project("{2150E333-8FDC-42A3-9474-1A3956D46DE8}") = "Api", "Api", "{B7F65696-6B3F-4EA6-9414-93B34D9AEF9F}"
EndProject
Project("{2150E333-8FDC-42A3-9474-1A3956D46DE8}") = "Core", "Core", "{B1842AE8-41DB-4476-89EB-FAD6373F064E}"
EndProject
Project("{2150E333-8FDC-42A3-9474-1A3956D46DE8}") = "Api", "Api", "{E476274C-FEAF-4EBD-AC24-C7D0382888A0}"
EndProject
Project("{2150E333-8FDC-42A3-9474-1A3956D46DE8}") = "Core", "Core", "{33C6BAE6-4C08-470F-BE4E-B91B0B1827A7}"
EndProject
Project("{FAE04EC0-301F-11D3-BF4B-00C04F79EFBC}") = "Order.Api", "src\Services\Order\Api\Order.Api\Order.Api.csproj", "{EC5C0FCF-92C1-36C3-BED5-40F6CB12A239}"
EndProject
Project("{FAE04EC0-301F-11D3-BF4B-00C04F79EFBC}") = "Order.Application", "src\Services\Order\Core\Order.Application\Order.Application.csproj", "{C71CDD94-09C4-D33A-99C4-FD910E9A45F8}"
EndProject
Project("{FAE04EC0-301F-11D3-BF4B-00C04F79EFBC}") = "Order.Domain", "src\Services\Order\Core\Order.Domain\Order.Domain.csproj", "{A6AF0F16-E496-9F3D-573C-A7655291E3C2}"
EndProject
Project("{FAE04EC0-301F-11D3-BF4B-00C04F79EFBC}") = "Order.Infrastructure", "src\Services\Order\Core\Order.Infrastructure\Order.Infrastructure.csproj", "{183AA6B1-F6B3-4B4C-D951-BF44A889B90A}"
EndProject
Project("{FAE04EC0-301F-11D3-BF4B-00C04F79EFBC}") = "Order.Worker.Outbox", "src\Services\Order\Worker\Order.Woker.Outbox\Order.Worker.Outbox.csproj", "{62175B17-8406-6674-792C-1C8E68BC11DC}"
EndProject
Project("{FAE04EC0-301F-11D3-BF4B-00C04F79EFBC}") = "Inventory.Worker.Outbox", "src\Services\Inventory\Worker\Inventory.Worker.Outbox\Inventory.Worker.Outbox.csproj", "{999A8EF4-1F3F-512E-A1EF-B0A52B80CA8F}"
EndProject
Project("{2150E333-8FDC-42A3-9474-1A3956D46DE8}") = "Api", "Api", "{21A5BB6B-3737-4409-8E56-5098344DCBC8}"
EndProject
Project("{2150E333-8FDC-42A3-9474-1A3956D46DE8}") = "Core", "Core", "{D083BC24-E9D0-49D2-AB17-BE44090D7C91}"
EndProject
Project("{FAE04EC0-301F-11D3-BF4B-00C04F79EFBC}") = "Basket.Api", "src\Services\Basket\Api\Basket.Api\Basket.Api.csproj", "{AE5C9BDD-F6CF-0631-B361-76F71F1CD78E}"
EndProject
Project("{FAE04EC0-301F-11D3-BF4B-00C04F79EFBC}") = "Basket.Application", "src\Services\Basket\Core\Basket.Application\Basket.Application.csproj", "{FCDFD1E7-09A2-4EC2-D466-EA383573FF42}"
EndProject
Project("{FAE04EC0-301F-11D3-BF4B-00C04F79EFBC}") = "Basket.Domain", "src\Services\Basket\Core\Basket.Domain\Basket.Domain.csproj", "{1DF3D60E-7977-E145-25E9-BCC7B431C306}"
EndProject
Project("{FAE04EC0-301F-11D3-BF4B-00C04F79EFBC}") = "Basket.Infrastructure", "src\Services\Basket\Core\Basket.Infrastructure\Basket.Infrastructure.csproj", "{6E9D6A3D-1E72-F08D-51FF-FCF9C47FEF93}"
EndProject
Project("{2150E333-8FDC-42A3-9474-1A3956D46DE8}") = "Worker", "Worker", "{61C51F55-CD8E-4818-A67D-796420756B79}"
EndProject
Project("{FAE04EC0-301F-11D3-BF4B-00C04F79EFBC}") = "Basket.Worker.Outbox", "src\Services\Basket\Worker\Basket.Worker.Outbox\Basket.Worker.Outbox.csproj", "{E1A4E47F-BC25-43C9-A5C5-F733D57733CC}"
EndProject
Project("{FAE04EC0-301F-11D3-BF4B-00C04F79EFBC}") = "Order.Worker.Consumer", "src\Services\Order\Worker\Order.Worker.Consumer\Order.Worker.Consumer.csproj", "{C2150691-1A46-4372-A7C9-CB1B2FCDB6C4}"
EndProject
Project("{FAE04EC0-301F-11D3-BF4B-00C04F79EFBC}") = "Catalog.Worker.Consumer", "src\Services\Catalog\Worker\Catalog.Worker.Consumer\Catalog.Worker.Consumer.csproj", "{2660AED7-398D-4BBF-C917-6F6BCA796115}"
EndProject
Project("{2150E333-8FDC-42A3-9474-1A3956D46DE8}") = "Api", "Api", "{5B95092B-116F-4366-BE98-8335B97A7307}"
EndProject
Project("{2150E333-8FDC-42A3-9474-1A3956D46DE8}") = "Core", "Core", "{2026176B-C8C6-4BB0-8E9A-EDBB8F10BE14}"
EndProject
Project("{2150E333-8FDC-42A3-9474-1A3956D46DE8}") = "Worker", "Worker", "{96B4C36E-1FEC-479E-B546-2A72341D0E7C}"
EndProject
Project("{2150E333-8FDC-42A3-9474-1A3956D46DE8}") = "Api", "Api", "{C475DD49-DB88-48D7-BB87-798492731DE0}"
EndProject
Project("{2150E333-8FDC-42A3-9474-1A3956D46DE8}") = "Core", "Core", "{AF1937E6-80AD-4DBC-81E6-B7A3EC5887BF}"
EndProject
Project("{2150E333-8FDC-42A3-9474-1A3956D46DE8}") = "Worker", "Worker", "{10F1ADF5-5785-48A7-8389-23C2D838B03E}"
EndProject
Project("{2150E333-8FDC-42A3-9474-1A3956D46DE8}") = "Api", "Api", "{01F33679-4686-45FA-8234-DAAB7A8E3901}"
EndProject
Project("{2150E333-8FDC-42A3-9474-1A3956D46DE8}") = "Core", "Core", "{AF9E1391-C06B-46B5-A187-347FCE1C317F}"
EndProject
Project("{FAE04EC0-301F-11D3-BF4B-00C04F79EFBC}") = "Discount.Api", "src\Services\Discount\Api\Discount.Api\Discount.Api.csproj", "{A4F1EA1D-47A2-11BA-1563-6F8E37E8A3C0}"
EndProject
Project("{FAE04EC0-301F-11D3-BF4B-00C04F79EFBC}") = "Discount.Application", "src\Services\Discount\Core\Discount.Application\Discount.Application.csproj", "{B65500C2-CBDC-CB40-48BB-8089BC022800}"
EndProject
Project("{FAE04EC0-301F-11D3-BF4B-00C04F79EFBC}") = "Discount.Domain", "src\Services\Discount\Core\Discount.Domain\Discount.Domain.csproj", "{C9F6F22F-D8CE-1013-3277-ABEECEC6BA3E}"
EndProject
Project("{FAE04EC0-301F-11D3-BF4B-00C04F79EFBC}") = "Discount.Infrastructure", "src\Services\Discount\Core\Discount.Infrastructure\Discount.Infrastructure.csproj", "{33E025C3-D818-DE75-2864-F7E638F24A61}"
EndProject
Project("{FAE04EC0-301F-11D3-BF4B-00C04F79EFBC}") = "Discount.Grpc", "src\Services\Discount\Api\Discount.Grpc\Discount.Grpc.csproj", "{19A7840C-8496-6ACC-52FA-3A91986686D2}"
EndProject
Project("{FAE04EC0-301F-11D3-BF4B-00C04F79EFBC}") = "Discount.Contract", "src\Shared\Contracts\Discount.Contract\Discount.Contract.csproj", "{6A7FB916-811F-6748-8144-484A0E455289}"
EndProject
Project("{FAE04EC0-301F-11D3-BF4B-00C04F79EFBC}") = "Search.Api", "src\Services\Search\Api\Search.Api\Search.Api.csproj", "{236C9D68-5907-F6C3-A777-764F7FB5ED0A}"
EndProject
Project("{FAE04EC0-301F-11D3-BF4B-00C04F79EFBC}") = "Search.Application", "src\Services\Search\Core\Search.Application\Search.Application.csproj", "{A75D4542-9D3D-C3F7-934C-54CCBA9BC12E}"
EndProject
Project("{FAE04EC0-301F-11D3-BF4B-00C04F79EFBC}") = "Search.Domain", "src\Services\Search\Core\Search.Domain\Search.Domain.csproj", "{ABC5B561-0A43-CD92-6879-F3C0EBAE9A96}"
EndProject
Project("{FAE04EC0-301F-11D3-BF4B-00C04F79EFBC}") = "Search.Infrastructure", "src\Services\Search\Core\Search.Infrastructure\Search.Infrastructure.csproj", "{9AAA49B9-E333-7F3D-D32D-4D2F0DB945E2}"
EndProject
Project("{FAE04EC0-301F-11D3-BF4B-00C04F79EFBC}") = "Search.Worker.Consumer", "src\Services\Search\Worker\Search.Worker.Consumer\Search.Worker.Consumer.csproj", "{5A5D7646-E3BD-0434-1B11-7F126EB37D1B}"
EndProject
Project("{FAE04EC0-301F-11D3-BF4B-00C04F79EFBC}") = "Catalog.Worker.Outbox", "src\Services\Catalog\Worker\Catalog.Woker.Outbox\Catalog.Worker.Outbox.csproj", "{A6415EAE-B5C0-C31F-845A-993F742767DD}"
EndProject
Project("{FAE04EC0-301F-11D3-BF4B-00C04F79EFBC}") = "Notification.Api", "src\Services\Notification\Api\Notification.Api\Notification.Api.csproj", "{30A0506A-BBBB-4ADD-0AAD-EA6B1CF4A734}"
EndProject
Project("{FAE04EC0-301F-11D3-BF4B-00C04F79EFBC}") = "Notification.Application", "src\Services\Notification\Core\Notification.Application\Notification.Application.csproj", "{EDBBC0F6-9062-278F-4AA5-40C6AEB6836A}"
EndProject
Project("{FAE04EC0-301F-11D3-BF4B-00C04F79EFBC}") = "Notification.Infrastructure", "src\Services\Notification\Core\Notification.Infrastructure\Notification.Infrastructure.csproj", "{105AF2A3-094C-AD1F-B588-CD08907FB6E2}"
EndProject
Project("{FAE04EC0-301F-11D3-BF4B-00C04F79EFBC}") = "Notification.Domain", "src\Services\Notification\Core\Notification.Domain\Notification.Domain.csproj", "{6B08E72B-5F91-3028-9CB9-9C7F4ABAFE1B}"
EndProject
Project("{FAE04EC0-301F-11D3-BF4B-00C04F79EFBC}") = "Notification.Worker.Processor", "src\Services\Notification\Worker\Notification.Worker.Processor\Notification.Worker.Processor.csproj", "{B0181333-C21A-0701-BDDF-A4A5558C5810}"
EndProject
Project("{FAE04EC0-301F-11D3-BF4B-00C04F79EFBC}") = "Notification.Worker.Consumer", "src\Services\Notification\Worker\Notification.Worker.Consumer\Notification.Worker.Consumer.csproj", "{B8D57A7D-D76B-AAF9-12DA-A0957F6A2690}"
EndProject
Project("{2150E333-8FDC-42A3-9474-1A3956D46DE8}") = "JobOrchestrator", "JobOrchestrator", "{59F528E4-0F6F-4C07-875B-683DF5EEE3EF}"
EndProject
Project("{FAE04EC0-301F-11D3-BF4B-00C04F79EFBC}") = "Report.Api", "src\Services\Report\Api\Report.Api\Report.Api.csproj", "{F3D26BD9-D3B6-55FB-EE05-EAC5A72AA47D}"
EndProject
Project("{FAE04EC0-301F-11D3-BF4B-00C04F79EFBC}") = "Report.Application", "src\Services\Report\Core\Report.Application\Report.Application.csproj", "{D59B5876-1305-B942-44D8-9FB0ABED7F85}"
EndProject
Project("{FAE04EC0-301F-11D3-BF4B-00C04F79EFBC}") = "Report.Domain", "src\Services\Report\Core\Report.Domain\Report.Domain.csproj", "{E8A4B54C-6FAB-0C4D-9B15-D3DD6A7BE4FB}"
EndProject
Project("{FAE04EC0-301F-11D3-BF4B-00C04F79EFBC}") = "Report.Infrastructure", "src\Services\Report\Core\Report.Infrastructure\Report.Infrastructure.csproj", "{9CF843AB-763C-25EB-E705-A8F391358BAC}"
EndProject
Project("{FAE04EC0-301F-11D3-BF4B-00C04F79EFBC}") = "App.Job", "src\JobOrchestrator\App.Job\App.Job.csproj", "{E7DEE718-0BBC-43CA-AC98-0EE05BB92A53}"
EndProject
Project("{FAE04EC0-301F-11D3-BF4B-00C04F79EFBC}") = "Order.Contract", "src\Shared\Contracts\Order.Contract\Order.Contract.csproj", "{B058E110-ADBA-43CB-BA4A-60B5A3EC7D35}"
EndProject
Project("{FAE04EC0-301F-11D3-BF4B-00C04F79EFBC}") = "Report.Contract", "src\Shared\Contracts\Report.Contract\Report.Contract.csproj", "{BDD6179F-3BEC-4DBF-AE95-6E30443A5A5C}"
EndProject
Project("{FAE04EC0-301F-11D3-BF4B-00C04F79EFBC}") = "Order.Grpc", "src\Services\Order\Api\Order.Grpc\Order.Grpc.csproj", "{E217F26C-8DEA-4B63-84CF-D751F87D6C8A}"
EndProject
Project("{FAE04EC0-301F-11D3-BF4B-00C04F79EFBC}") = "Report.Grpc", "src\Services\Report\Api\Report.Grpc\Report.Grpc.csproj", "{6EB19228-7192-43BE-8F1A-D588F131D4B9}"
EndProject
Project("{2150E333-8FDC-42A3-9474-1A3956D46DE8}") = "Communication", "Communication", "{474C254C-7A60-4AE7-AEF1-9F135C3D59B0}"
EndProject
Project("{2150E333-8FDC-42A3-9474-1A3956D46DE8}") = "Api", "Api", "{FFDEFC99-B834-4123-B53B-32434527EF0A}"
EndProject
Project("{FAE04EC0-301F-11D3-BF4B-00C04F79EFBC}") = "Communication.Api", "src\Services\Communication\Api\Communication.Api\Communication.Api.csproj", "{0D78FB0D-BAF8-3EFC-5AD1-7B16BB4E7323}"
EndProject
Project("{FAE04EC0-301F-11D3-BF4B-00C04F79EFBC}") = "Inventory.Worker.Consumer", "src\Services\Inventory\Worker\Inventory.Worker.Consumer\Inventory.Worker.Consumer.csproj", "{13BC76FD-118A-9E7D-D911-C1B7F958CB7E}"
EndProject
Project("{FAE04EC0-301F-11D3-BF4B-00C04F79EFBC}") = "Inventory.Contract", "src\Shared\Contracts\Inventory.Contract\Inventory.Contract.csproj", "{509281B1-5562-4A13-8AD0-CBD4416A7A94}"
EndProject
Project("{FAE04EC0-301F-11D3-BF4B-00C04F79EFBC}") = "Inventory.Grpc", "src\Services\Inventory\Api\Inventory.Grpc\Inventory.Grpc.csproj", "{D552F579-6FF1-9E1C-B1D2-DF5FC79AC6AC}"
EndProject
Project("{2150E333-8FDC-42A3-9474-1A3956D46DE8}") = "src", "src", "{827E0CD3-B72D-47B6-A68D-7590B98EB39B}"
EndProject
Project("{2150E333-8FDC-42A3-9474-1A3956D46DE8}") = "Services", "Services", "{984BB9B3-3FA3-BE33-9484-CAC21695A33C}"
EndProject
Project("{2150E333-8FDC-42A3-9474-1A3956D46DE8}") = "Payment", "Payment", "{3FB03296-F262-2760-9861-73C41AF3766C}"
EndProject
Project("{2150E333-8FDC-42A3-9474-1A3956D46DE8}") = "Core", "Core", "{85F3D6BE-71BF-53F0-C421-49546D42765A}"
EndProject
Project("{FAE04EC0-301F-11D3-BF4B-00C04F79EFBC}") = "Payment.Domain", "src\Services\Payment\Core\Payment.Domain\Payment.Domain.csproj", "{05AE74B4-23E1-4B3B-BBCD-909C7BCA7562}"
EndProject
Project("{FAE04EC0-301F-11D3-BF4B-00C04F79EFBC}") = "Payment.Application", "src\Services\Payment\Core\Payment.Application\Payment.Application.csproj", "{BAD91D0E-4377-461A-8765-7C52D6CC8E0D}"
EndProject
Project("{FAE04EC0-301F-11D3-BF4B-00C04F79EFBC}") = "Payment.Infrastructure", "src\Services\Payment\Core\Payment.Infrastructure\Payment.Infrastructure.csproj", "{D302FABC-E222-41D2-9C00-AB6413CCA673}"
EndProject
Project("{2150E333-8FDC-42A3-9474-1A3956D46DE8}") = "Api", "Api", "{80456CD5-04CD-3B7E-CAA9-9D2EE6B45229}"
EndProject
Project("{FAE04EC0-301F-11D3-BF4B-00C04F79EFBC}") = "Payment.Api", "src\Services\Payment\Api\Payment.Api\Payment.Api.csproj", "{F5456804-EF01-412C-8011-C391DCC9DE4E}"
EndProject
Global
	GlobalSection(SolutionConfigurationPlatforms) = preSolution
		Debug|Any CPU = Debug|Any CPU
		Debug|x64 = Debug|x64
		Debug|x86 = Debug|x86
		Release|Any CPU = Release|Any CPU
		Release|x64 = Release|x64
		Release|x86 = Release|x86
	EndGlobalSection
	GlobalSection(ProjectConfigurationPlatforms) = postSolution
		{B9BBDD13-A141-4A23-8E04-F00F48800EDD}.Debug|Any CPU.ActiveCfg = Debug|Any CPU
		{B9BBDD13-A141-4A23-8E04-F00F48800EDD}.Debug|Any CPU.Build.0 = Debug|Any CPU
		{B9BBDD13-A141-4A23-8E04-F00F48800EDD}.Debug|x64.ActiveCfg = Debug|Any CPU
		{B9BBDD13-A141-4A23-8E04-F00F48800EDD}.Debug|x64.Build.0 = Debug|Any CPU
		{B9BBDD13-A141-4A23-8E04-F00F48800EDD}.Debug|x86.ActiveCfg = Debug|Any CPU
		{B9BBDD13-A141-4A23-8E04-F00F48800EDD}.Debug|x86.Build.0 = Debug|Any CPU
		{B9BBDD13-A141-4A23-8E04-F00F48800EDD}.Release|Any CPU.ActiveCfg = Release|Any CPU
		{B9BBDD13-A141-4A23-8E04-F00F48800EDD}.Release|Any CPU.Build.0 = Release|Any CPU
		{B9BBDD13-A141-4A23-8E04-F00F48800EDD}.Release|x64.ActiveCfg = Release|Any CPU
		{B9BBDD13-A141-4A23-8E04-F00F48800EDD}.Release|x64.Build.0 = Release|Any CPU
		{B9BBDD13-A141-4A23-8E04-F00F48800EDD}.Release|x86.ActiveCfg = Release|Any CPU
		{B9BBDD13-A141-4A23-8E04-F00F48800EDD}.Release|x86.Build.0 = Release|Any CPU
		{E4FBCFAA-8B20-42DA-9160-4CB62769682A}.Debug|Any CPU.ActiveCfg = Debug|Any CPU
		{E4FBCFAA-8B20-42DA-9160-4CB62769682A}.Debug|Any CPU.Build.0 = Debug|Any CPU
		{E4FBCFAA-8B20-42DA-9160-4CB62769682A}.Debug|x64.ActiveCfg = Debug|Any CPU
		{E4FBCFAA-8B20-42DA-9160-4CB62769682A}.Debug|x64.Build.0 = Debug|Any CPU
		{E4FBCFAA-8B20-42DA-9160-4CB62769682A}.Debug|x86.ActiveCfg = Debug|Any CPU
		{E4FBCFAA-8B20-42DA-9160-4CB62769682A}.Debug|x86.Build.0 = Debug|Any CPU
		{E4FBCFAA-8B20-42DA-9160-4CB62769682A}.Release|Any CPU.ActiveCfg = Release|Any CPU
		{E4FBCFAA-8B20-42DA-9160-4CB62769682A}.Release|Any CPU.Build.0 = Release|Any CPU
		{E4FBCFAA-8B20-42DA-9160-4CB62769682A}.Release|x64.ActiveCfg = Release|Any CPU
		{E4FBCFAA-8B20-42DA-9160-4CB62769682A}.Release|x64.Build.0 = Release|Any CPU
		{E4FBCFAA-8B20-42DA-9160-4CB62769682A}.Release|x86.ActiveCfg = Release|Any CPU
		{E4FBCFAA-8B20-42DA-9160-4CB62769682A}.Release|x86.Build.0 = Release|Any CPU
		{53C41BF3-9D5F-468E-8463-AD62B2082A68}.Debug|Any CPU.ActiveCfg = Debug|Any CPU
		{53C41BF3-9D5F-468E-8463-AD62B2082A68}.Debug|Any CPU.Build.0 = Debug|Any CPU
		{53C41BF3-9D5F-468E-8463-AD62B2082A68}.Debug|x64.ActiveCfg = Debug|Any CPU
		{53C41BF3-9D5F-468E-8463-AD62B2082A68}.Debug|x64.Build.0 = Debug|Any CPU
		{53C41BF3-9D5F-468E-8463-AD62B2082A68}.Debug|x86.ActiveCfg = Debug|Any CPU
		{53C41BF3-9D5F-468E-8463-AD62B2082A68}.Debug|x86.Build.0 = Debug|Any CPU
		{53C41BF3-9D5F-468E-8463-AD62B2082A68}.Release|Any CPU.ActiveCfg = Release|Any CPU
		{53C41BF3-9D5F-468E-8463-AD62B2082A68}.Release|Any CPU.Build.0 = Release|Any CPU
		{53C41BF3-9D5F-468E-8463-AD62B2082A68}.Release|x64.ActiveCfg = Release|Any CPU
		{53C41BF3-9D5F-468E-8463-AD62B2082A68}.Release|x64.Build.0 = Release|Any CPU
		{53C41BF3-9D5F-468E-8463-AD62B2082A68}.Release|x86.ActiveCfg = Release|Any CPU
		{53C41BF3-9D5F-468E-8463-AD62B2082A68}.Release|x86.Build.0 = Release|Any CPU
		{A0C4F154-6113-4377-87E9-148A0090A357}.Debug|Any CPU.ActiveCfg = Debug|Any CPU
		{A0C4F154-6113-4377-87E9-148A0090A357}.Debug|Any CPU.Build.0 = Debug|Any CPU
		{A0C4F154-6113-4377-87E9-148A0090A357}.Debug|x64.ActiveCfg = Debug|Any CPU
		{A0C4F154-6113-4377-87E9-148A0090A357}.Debug|x64.Build.0 = Debug|Any CPU
		{A0C4F154-6113-4377-87E9-148A0090A357}.Debug|x86.ActiveCfg = Debug|Any CPU
		{A0C4F154-6113-4377-87E9-148A0090A357}.Debug|x86.Build.0 = Debug|Any CPU
		{A0C4F154-6113-4377-87E9-148A0090A357}.Release|Any CPU.ActiveCfg = Release|Any CPU
		{A0C4F154-6113-4377-87E9-148A0090A357}.Release|Any CPU.Build.0 = Release|Any CPU
		{A0C4F154-6113-4377-87E9-148A0090A357}.Release|x64.ActiveCfg = Release|Any CPU
		{A0C4F154-6113-4377-87E9-148A0090A357}.Release|x64.Build.0 = Release|Any CPU
		{A0C4F154-6113-4377-87E9-148A0090A357}.Release|x86.ActiveCfg = Release|Any CPU
		{A0C4F154-6113-4377-87E9-148A0090A357}.Release|x86.Build.0 = Release|Any CPU
		{B2EE82B0-F237-4F29-987F-F870CF997092}.Debug|Any CPU.ActiveCfg = Debug|Any CPU
		{B2EE82B0-F237-4F29-987F-F870CF997092}.Debug|Any CPU.Build.0 = Debug|Any CPU
		{B2EE82B0-F237-4F29-987F-F870CF997092}.Debug|x64.ActiveCfg = Debug|Any CPU
		{B2EE82B0-F237-4F29-987F-F870CF997092}.Debug|x64.Build.0 = Debug|Any CPU
		{B2EE82B0-F237-4F29-987F-F870CF997092}.Debug|x86.ActiveCfg = Debug|Any CPU
		{B2EE82B0-F237-4F29-987F-F870CF997092}.Debug|x86.Build.0 = Debug|Any CPU
		{B2EE82B0-F237-4F29-987F-F870CF997092}.Release|Any CPU.ActiveCfg = Release|Any CPU
		{B2EE82B0-F237-4F29-987F-F870CF997092}.Release|Any CPU.Build.0 = Release|Any CPU
		{B2EE82B0-F237-4F29-987F-F870CF997092}.Release|x64.ActiveCfg = Release|Any CPU
		{B2EE82B0-F237-4F29-987F-F870CF997092}.Release|x64.Build.0 = Release|Any CPU
		{B2EE82B0-F237-4F29-987F-F870CF997092}.Release|x86.ActiveCfg = Release|Any CPU
		{B2EE82B0-F237-4F29-987F-F870CF997092}.Release|x86.Build.0 = Release|Any CPU
		{FABA3A39-32C2-6040-5503-A37A6C4591A1}.Debug|Any CPU.ActiveCfg = Debug|Any CPU
		{FABA3A39-32C2-6040-5503-A37A6C4591A1}.Debug|Any CPU.Build.0 = Debug|Any CPU
		{FABA3A39-32C2-6040-5503-A37A6C4591A1}.Debug|x64.ActiveCfg = Debug|Any CPU
		{FABA3A39-32C2-6040-5503-A37A6C4591A1}.Debug|x64.Build.0 = Debug|Any CPU
		{FABA3A39-32C2-6040-5503-A37A6C4591A1}.Debug|x86.ActiveCfg = Debug|Any CPU
		{FABA3A39-32C2-6040-5503-A37A6C4591A1}.Debug|x86.Build.0 = Debug|Any CPU
		{FABA3A39-32C2-6040-5503-A37A6C4591A1}.Release|Any CPU.ActiveCfg = Release|Any CPU
		{FABA3A39-32C2-6040-5503-A37A6C4591A1}.Release|Any CPU.Build.0 = Release|Any CPU
		{FABA3A39-32C2-6040-5503-A37A6C4591A1}.Release|x64.ActiveCfg = Release|Any CPU
		{FABA3A39-32C2-6040-5503-A37A6C4591A1}.Release|x64.Build.0 = Release|Any CPU
		{FABA3A39-32C2-6040-5503-A37A6C4591A1}.Release|x86.ActiveCfg = Release|Any CPU
		{FABA3A39-32C2-6040-5503-A37A6C4591A1}.Release|x86.Build.0 = Release|Any CPU
		{96DAE549-1579-BCD5-1407-EC502AAF7A10}.Debug|Any CPU.ActiveCfg = Debug|Any CPU
		{96DAE549-1579-BCD5-1407-EC502AAF7A10}.Debug|Any CPU.Build.0 = Debug|Any CPU
		{96DAE549-1579-BCD5-1407-EC502AAF7A10}.Debug|x64.ActiveCfg = Debug|Any CPU
		{96DAE549-1579-BCD5-1407-EC502AAF7A10}.Debug|x64.Build.0 = Debug|Any CPU
		{96DAE549-1579-BCD5-1407-EC502AAF7A10}.Debug|x86.ActiveCfg = Debug|Any CPU
		{96DAE549-1579-BCD5-1407-EC502AAF7A10}.Debug|x86.Build.0 = Debug|Any CPU
		{96DAE549-1579-BCD5-1407-EC502AAF7A10}.Release|Any CPU.ActiveCfg = Release|Any CPU
		{96DAE549-1579-BCD5-1407-EC502AAF7A10}.Release|Any CPU.Build.0 = Release|Any CPU
		{96DAE549-1579-BCD5-1407-EC502AAF7A10}.Release|x64.ActiveCfg = Release|Any CPU
		{96DAE549-1579-BCD5-1407-EC502AAF7A10}.Release|x64.Build.0 = Release|Any CPU
		{96DAE549-1579-BCD5-1407-EC502AAF7A10}.Release|x86.ActiveCfg = Release|Any CPU
		{96DAE549-1579-BCD5-1407-EC502AAF7A10}.Release|x86.Build.0 = Release|Any CPU
		{99EA277D-1511-AC2F-89B0-3120D9EF0D74}.Debug|Any CPU.ActiveCfg = Debug|Any CPU
		{99EA277D-1511-AC2F-89B0-3120D9EF0D74}.Debug|Any CPU.Build.0 = Debug|Any CPU
		{99EA277D-1511-AC2F-89B0-3120D9EF0D74}.Debug|x64.ActiveCfg = Debug|Any CPU
		{99EA277D-1511-AC2F-89B0-3120D9EF0D74}.Debug|x64.Build.0 = Debug|Any CPU
		{99EA277D-1511-AC2F-89B0-3120D9EF0D74}.Debug|x86.ActiveCfg = Debug|Any CPU
		{99EA277D-1511-AC2F-89B0-3120D9EF0D74}.Debug|x86.Build.0 = Debug|Any CPU
		{99EA277D-1511-AC2F-89B0-3120D9EF0D74}.Release|Any CPU.ActiveCfg = Release|Any CPU
		{99EA277D-1511-AC2F-89B0-3120D9EF0D74}.Release|Any CPU.Build.0 = Release|Any CPU
		{99EA277D-1511-AC2F-89B0-3120D9EF0D74}.Release|x64.ActiveCfg = Release|Any CPU
		{99EA277D-1511-AC2F-89B0-3120D9EF0D74}.Release|x64.Build.0 = Release|Any CPU
		{99EA277D-1511-AC2F-89B0-3120D9EF0D74}.Release|x86.ActiveCfg = Release|Any CPU
		{99EA277D-1511-AC2F-89B0-3120D9EF0D74}.Release|x86.Build.0 = Release|Any CPU
		{AC3DCE5A-3542-46EB-6334-6595D4167590}.Debug|Any CPU.ActiveCfg = Debug|Any CPU
		{AC3DCE5A-3542-46EB-6334-6595D4167590}.Debug|Any CPU.Build.0 = Debug|Any CPU
		{AC3DCE5A-3542-46EB-6334-6595D4167590}.Debug|x64.ActiveCfg = Debug|Any CPU
		{AC3DCE5A-3542-46EB-6334-6595D4167590}.Debug|x64.Build.0 = Debug|Any CPU
		{AC3DCE5A-3542-46EB-6334-6595D4167590}.Debug|x86.ActiveCfg = Debug|Any CPU
		{AC3DCE5A-3542-46EB-6334-6595D4167590}.Debug|x86.Build.0 = Debug|Any CPU
		{AC3DCE5A-3542-46EB-6334-6595D4167590}.Release|Any CPU.ActiveCfg = Release|Any CPU
		{AC3DCE5A-3542-46EB-6334-6595D4167590}.Release|Any CPU.Build.0 = Release|Any CPU
		{AC3DCE5A-3542-46EB-6334-6595D4167590}.Release|x64.ActiveCfg = Release|Any CPU
		{AC3DCE5A-3542-46EB-6334-6595D4167590}.Release|x64.Build.0 = Release|Any CPU
		{AC3DCE5A-3542-46EB-6334-6595D4167590}.Release|x86.ActiveCfg = Release|Any CPU
		{AC3DCE5A-3542-46EB-6334-6595D4167590}.Release|x86.Build.0 = Release|Any CPU
		{4C00CE41-F93C-BC03-5C22-1E152025BE87}.Debug|Any CPU.ActiveCfg = Debug|Any CPU
		{4C00CE41-F93C-BC03-5C22-1E152025BE87}.Debug|Any CPU.Build.0 = Debug|Any CPU
		{4C00CE41-F93C-BC03-5C22-1E152025BE87}.Debug|x64.ActiveCfg = Debug|Any CPU
		{4C00CE41-F93C-BC03-5C22-1E152025BE87}.Debug|x64.Build.0 = Debug|Any CPU
		{4C00CE41-F93C-BC03-5C22-1E152025BE87}.Debug|x86.ActiveCfg = Debug|Any CPU
		{4C00CE41-F93C-BC03-5C22-1E152025BE87}.Debug|x86.Build.0 = Debug|Any CPU
		{4C00CE41-F93C-BC03-5C22-1E152025BE87}.Release|Any CPU.ActiveCfg = Release|Any CPU
		{4C00CE41-F93C-BC03-5C22-1E152025BE87}.Release|Any CPU.Build.0 = Release|Any CPU
		{4C00CE41-F93C-BC03-5C22-1E152025BE87}.Release|x64.ActiveCfg = Release|Any CPU
		{4C00CE41-F93C-BC03-5C22-1E152025BE87}.Release|x64.Build.0 = Release|Any CPU
		{4C00CE41-F93C-BC03-5C22-1E152025BE87}.Release|x86.ActiveCfg = Release|Any CPU
		{4C00CE41-F93C-BC03-5C22-1E152025BE87}.Release|x86.Build.0 = Release|Any CPU
		{41B6E8CF-A438-5938-4A6F-1DD952A3A018}.Debug|Any CPU.ActiveCfg = Debug|Any CPU
		{41B6E8CF-A438-5938-4A6F-1DD952A3A018}.Debug|Any CPU.Build.0 = Debug|Any CPU
		{41B6E8CF-A438-5938-4A6F-1DD952A3A018}.Debug|x64.ActiveCfg = Debug|Any CPU
		{41B6E8CF-A438-5938-4A6F-1DD952A3A018}.Debug|x64.Build.0 = Debug|Any CPU
		{41B6E8CF-A438-5938-4A6F-1DD952A3A018}.Debug|x86.ActiveCfg = Debug|Any CPU
		{41B6E8CF-A438-5938-4A6F-1DD952A3A018}.Debug|x86.Build.0 = Debug|Any CPU
		{41B6E8CF-A438-5938-4A6F-1DD952A3A018}.Release|Any CPU.ActiveCfg = Release|Any CPU
		{41B6E8CF-A438-5938-4A6F-1DD952A3A018}.Release|Any CPU.Build.0 = Release|Any CPU
		{41B6E8CF-A438-5938-4A6F-1DD952A3A018}.Release|x64.ActiveCfg = Release|Any CPU
		{41B6E8CF-A438-5938-4A6F-1DD952A3A018}.Release|x64.Build.0 = Release|Any CPU
		{41B6E8CF-A438-5938-4A6F-1DD952A3A018}.Release|x86.ActiveCfg = Release|Any CPU
		{41B6E8CF-A438-5938-4A6F-1DD952A3A018}.Release|x86.Build.0 = Release|Any CPU
		{66231801-8C0A-8475-562C-633E4B0BCD0C}.Debug|Any CPU.ActiveCfg = Debug|Any CPU
		{66231801-8C0A-8475-562C-633E4B0BCD0C}.Debug|Any CPU.Build.0 = Debug|Any CPU
		{66231801-8C0A-8475-562C-633E4B0BCD0C}.Debug|x64.ActiveCfg = Debug|Any CPU
		{66231801-8C0A-8475-562C-633E4B0BCD0C}.Debug|x64.Build.0 = Debug|Any CPU
		{66231801-8C0A-8475-562C-633E4B0BCD0C}.Debug|x86.ActiveCfg = Debug|Any CPU
		{66231801-8C0A-8475-562C-633E4B0BCD0C}.Debug|x86.Build.0 = Debug|Any CPU
		{66231801-8C0A-8475-562C-633E4B0BCD0C}.Release|Any CPU.ActiveCfg = Release|Any CPU
		{66231801-8C0A-8475-562C-633E4B0BCD0C}.Release|Any CPU.Build.0 = Release|Any CPU
		{66231801-8C0A-8475-562C-633E4B0BCD0C}.Release|x64.ActiveCfg = Release|Any CPU
		{66231801-8C0A-8475-562C-633E4B0BCD0C}.Release|x64.Build.0 = Release|Any CPU
		{66231801-8C0A-8475-562C-633E4B0BCD0C}.Release|x86.ActiveCfg = Release|Any CPU
		{66231801-8C0A-8475-562C-633E4B0BCD0C}.Release|x86.Build.0 = Release|Any CPU
		{E95EB8D4-1ACC-918E-3BE8-F4375AB4249E}.Debug|Any CPU.ActiveCfg = Debug|Any CPU
		{E95EB8D4-1ACC-918E-3BE8-F4375AB4249E}.Debug|Any CPU.Build.0 = Debug|Any CPU
		{E95EB8D4-1ACC-918E-3BE8-F4375AB4249E}.Debug|x64.ActiveCfg = Debug|Any CPU
		{E95EB8D4-1ACC-918E-3BE8-F4375AB4249E}.Debug|x64.Build.0 = Debug|Any CPU
		{E95EB8D4-1ACC-918E-3BE8-F4375AB4249E}.Debug|x86.ActiveCfg = Debug|Any CPU
		{E95EB8D4-1ACC-918E-3BE8-F4375AB4249E}.Debug|x86.Build.0 = Debug|Any CPU
		{E95EB8D4-1ACC-918E-3BE8-F4375AB4249E}.Release|Any CPU.ActiveCfg = Release|Any CPU
		{E95EB8D4-1ACC-918E-3BE8-F4375AB4249E}.Release|Any CPU.Build.0 = Release|Any CPU
		{E95EB8D4-1ACC-918E-3BE8-F4375AB4249E}.Release|x64.ActiveCfg = Release|Any CPU
		{E95EB8D4-1ACC-918E-3BE8-F4375AB4249E}.Release|x64.Build.0 = Release|Any CPU
		{E95EB8D4-1ACC-918E-3BE8-F4375AB4249E}.Release|x86.ActiveCfg = Release|Any CPU
		{E95EB8D4-1ACC-918E-3BE8-F4375AB4249E}.Release|x86.Build.0 = Release|Any CPU
		{D3BD263B-540E-4336-CC0C-71E7DB864703}.Debug|Any CPU.ActiveCfg = Debug|Any CPU
		{D3BD263B-540E-4336-CC0C-71E7DB864703}.Debug|Any CPU.Build.0 = Debug|Any CPU
		{D3BD263B-540E-4336-CC0C-71E7DB864703}.Debug|x64.ActiveCfg = Debug|Any CPU
		{D3BD263B-540E-4336-CC0C-71E7DB864703}.Debug|x64.Build.0 = Debug|Any CPU
		{D3BD263B-540E-4336-CC0C-71E7DB864703}.Debug|x86.ActiveCfg = Debug|Any CPU
		{D3BD263B-540E-4336-CC0C-71E7DB864703}.Debug|x86.Build.0 = Debug|Any CPU
		{D3BD263B-540E-4336-CC0C-71E7DB864703}.Release|Any CPU.ActiveCfg = Release|Any CPU
		{D3BD263B-540E-4336-CC0C-71E7DB864703}.Release|Any CPU.Build.0 = Release|Any CPU
		{D3BD263B-540E-4336-CC0C-71E7DB864703}.Release|x64.ActiveCfg = Release|Any CPU
		{D3BD263B-540E-4336-CC0C-71E7DB864703}.Release|x64.Build.0 = Release|Any CPU
		{D3BD263B-540E-4336-CC0C-71E7DB864703}.Release|x86.ActiveCfg = Release|Any CPU
		{D3BD263B-540E-4336-CC0C-71E7DB864703}.Release|x86.Build.0 = Release|Any CPU
		{EC5C0FCF-92C1-36C3-BED5-40F6CB12A239}.Debug|Any CPU.ActiveCfg = Debug|Any CPU
		{EC5C0FCF-92C1-36C3-BED5-40F6CB12A239}.Debug|Any CPU.Build.0 = Debug|Any CPU
		{EC5C0FCF-92C1-36C3-BED5-40F6CB12A239}.Debug|x64.ActiveCfg = Debug|Any CPU
		{EC5C0FCF-92C1-36C3-BED5-40F6CB12A239}.Debug|x64.Build.0 = Debug|Any CPU
		{EC5C0FCF-92C1-36C3-BED5-40F6CB12A239}.Debug|x86.ActiveCfg = Debug|Any CPU
		{EC5C0FCF-92C1-36C3-BED5-40F6CB12A239}.Debug|x86.Build.0 = Debug|Any CPU
		{EC5C0FCF-92C1-36C3-BED5-40F6CB12A239}.Release|Any CPU.ActiveCfg = Release|Any CPU
		{EC5C0FCF-92C1-36C3-BED5-40F6CB12A239}.Release|Any CPU.Build.0 = Release|Any CPU
		{EC5C0FCF-92C1-36C3-BED5-40F6CB12A239}.Release|x64.ActiveCfg = Release|Any CPU
		{EC5C0FCF-92C1-36C3-BED5-40F6CB12A239}.Release|x64.Build.0 = Release|Any CPU
		{EC5C0FCF-92C1-36C3-BED5-40F6CB12A239}.Release|x86.ActiveCfg = Release|Any CPU
		{EC5C0FCF-92C1-36C3-BED5-40F6CB12A239}.Release|x86.Build.0 = Release|Any CPU
		{C71CDD94-09C4-D33A-99C4-FD910E9A45F8}.Debug|Any CPU.ActiveCfg = Debug|Any CPU
		{C71CDD94-09C4-D33A-99C4-FD910E9A45F8}.Debug|Any CPU.Build.0 = Debug|Any CPU
		{C71CDD94-09C4-D33A-99C4-FD910E9A45F8}.Debug|x64.ActiveCfg = Debug|Any CPU
		{C71CDD94-09C4-D33A-99C4-FD910E9A45F8}.Debug|x64.Build.0 = Debug|Any CPU
		{C71CDD94-09C4-D33A-99C4-FD910E9A45F8}.Debug|x86.ActiveCfg = Debug|Any CPU
		{C71CDD94-09C4-D33A-99C4-FD910E9A45F8}.Debug|x86.Build.0 = Debug|Any CPU
		{C71CDD94-09C4-D33A-99C4-FD910E9A45F8}.Release|Any CPU.ActiveCfg = Release|Any CPU
		{C71CDD94-09C4-D33A-99C4-FD910E9A45F8}.Release|Any CPU.Build.0 = Release|Any CPU
		{C71CDD94-09C4-D33A-99C4-FD910E9A45F8}.Release|x64.ActiveCfg = Release|Any CPU
		{C71CDD94-09C4-D33A-99C4-FD910E9A45F8}.Release|x64.Build.0 = Release|Any CPU
		{C71CDD94-09C4-D33A-99C4-FD910E9A45F8}.Release|x86.ActiveCfg = Release|Any CPU
		{C71CDD94-09C4-D33A-99C4-FD910E9A45F8}.Release|x86.Build.0 = Release|Any CPU
		{A6AF0F16-E496-9F3D-573C-A7655291E3C2}.Debug|Any CPU.ActiveCfg = Debug|Any CPU
		{A6AF0F16-E496-9F3D-573C-A7655291E3C2}.Debug|Any CPU.Build.0 = Debug|Any CPU
		{A6AF0F16-E496-9F3D-573C-A7655291E3C2}.Debug|x64.ActiveCfg = Debug|Any CPU
		{A6AF0F16-E496-9F3D-573C-A7655291E3C2}.Debug|x64.Build.0 = Debug|Any CPU
		{A6AF0F16-E496-9F3D-573C-A7655291E3C2}.Debug|x86.ActiveCfg = Debug|Any CPU
		{A6AF0F16-E496-9F3D-573C-A7655291E3C2}.Debug|x86.Build.0 = Debug|Any CPU
		{A6AF0F16-E496-9F3D-573C-A7655291E3C2}.Release|Any CPU.ActiveCfg = Release|Any CPU
		{A6AF0F16-E496-9F3D-573C-A7655291E3C2}.Release|Any CPU.Build.0 = Release|Any CPU
		{A6AF0F16-E496-9F3D-573C-A7655291E3C2}.Release|x64.ActiveCfg = Release|Any CPU
		{A6AF0F16-E496-9F3D-573C-A7655291E3C2}.Release|x64.Build.0 = Release|Any CPU
		{A6AF0F16-E496-9F3D-573C-A7655291E3C2}.Release|x86.ActiveCfg = Release|Any CPU
		{A6AF0F16-E496-9F3D-573C-A7655291E3C2}.Release|x86.Build.0 = Release|Any CPU
		{183AA6B1-F6B3-4B4C-D951-BF44A889B90A}.Debug|Any CPU.ActiveCfg = Debug|Any CPU
		{183AA6B1-F6B3-4B4C-D951-BF44A889B90A}.Debug|Any CPU.Build.0 = Debug|Any CPU
		{183AA6B1-F6B3-4B4C-D951-BF44A889B90A}.Debug|x64.ActiveCfg = Debug|Any CPU
		{183AA6B1-F6B3-4B4C-D951-BF44A889B90A}.Debug|x64.Build.0 = Debug|Any CPU
		{183AA6B1-F6B3-4B4C-D951-BF44A889B90A}.Debug|x86.ActiveCfg = Debug|Any CPU
		{183AA6B1-F6B3-4B4C-D951-BF44A889B90A}.Debug|x86.Build.0 = Debug|Any CPU
		{183AA6B1-F6B3-4B4C-D951-BF44A889B90A}.Release|Any CPU.ActiveCfg = Release|Any CPU
		{183AA6B1-F6B3-4B4C-D951-BF44A889B90A}.Release|Any CPU.Build.0 = Release|Any CPU
		{183AA6B1-F6B3-4B4C-D951-BF44A889B90A}.Release|x64.ActiveCfg = Release|Any CPU
		{183AA6B1-F6B3-4B4C-D951-BF44A889B90A}.Release|x64.Build.0 = Release|Any CPU
		{183AA6B1-F6B3-4B4C-D951-BF44A889B90A}.Release|x86.ActiveCfg = Release|Any CPU
		{183AA6B1-F6B3-4B4C-D951-BF44A889B90A}.Release|x86.Build.0 = Release|Any CPU
		{62175B17-8406-6674-792C-1C8E68BC11DC}.Debug|Any CPU.ActiveCfg = Debug|Any CPU
		{62175B17-8406-6674-792C-1C8E68BC11DC}.Debug|Any CPU.Build.0 = Debug|Any CPU
		{62175B17-8406-6674-792C-1C8E68BC11DC}.Debug|x64.ActiveCfg = Debug|Any CPU
		{62175B17-8406-6674-792C-1C8E68BC11DC}.Debug|x64.Build.0 = Debug|Any CPU
		{62175B17-8406-6674-792C-1C8E68BC11DC}.Debug|x86.ActiveCfg = Debug|Any CPU
		{62175B17-8406-6674-792C-1C8E68BC11DC}.Debug|x86.Build.0 = Debug|Any CPU
		{62175B17-8406-6674-792C-1C8E68BC11DC}.Release|Any CPU.ActiveCfg = Release|Any CPU
		{62175B17-8406-6674-792C-1C8E68BC11DC}.Release|Any CPU.Build.0 = Release|Any CPU
		{62175B17-8406-6674-792C-1C8E68BC11DC}.Release|x64.ActiveCfg = Release|Any CPU
		{62175B17-8406-6674-792C-1C8E68BC11DC}.Release|x64.Build.0 = Release|Any CPU
		{62175B17-8406-6674-792C-1C8E68BC11DC}.Release|x86.ActiveCfg = Release|Any CPU
		{62175B17-8406-6674-792C-1C8E68BC11DC}.Release|x86.Build.0 = Release|Any CPU
		{999A8EF4-1F3F-512E-A1EF-B0A52B80CA8F}.Debug|Any CPU.ActiveCfg = Debug|Any CPU
		{999A8EF4-1F3F-512E-A1EF-B0A52B80CA8F}.Debug|Any CPU.Build.0 = Debug|Any CPU
		{999A8EF4-1F3F-512E-A1EF-B0A52B80CA8F}.Debug|x64.ActiveCfg = Debug|Any CPU
		{999A8EF4-1F3F-512E-A1EF-B0A52B80CA8F}.Debug|x64.Build.0 = Debug|Any CPU
		{999A8EF4-1F3F-512E-A1EF-B0A52B80CA8F}.Debug|x86.ActiveCfg = Debug|Any CPU
		{999A8EF4-1F3F-512E-A1EF-B0A52B80CA8F}.Debug|x86.Build.0 = Debug|Any CPU
		{999A8EF4-1F3F-512E-A1EF-B0A52B80CA8F}.Release|Any CPU.ActiveCfg = Release|Any CPU
		{999A8EF4-1F3F-512E-A1EF-B0A52B80CA8F}.Release|Any CPU.Build.0 = Release|Any CPU
		{999A8EF4-1F3F-512E-A1EF-B0A52B80CA8F}.Release|x64.ActiveCfg = Release|Any CPU
		{999A8EF4-1F3F-512E-A1EF-B0A52B80CA8F}.Release|x64.Build.0 = Release|Any CPU
		{999A8EF4-1F3F-512E-A1EF-B0A52B80CA8F}.Release|x86.ActiveCfg = Release|Any CPU
		{999A8EF4-1F3F-512E-A1EF-B0A52B80CA8F}.Release|x86.Build.0 = Release|Any CPU
		{AE5C9BDD-F6CF-0631-B361-76F71F1CD78E}.Debug|Any CPU.ActiveCfg = Debug|Any CPU
		{AE5C9BDD-F6CF-0631-B361-76F71F1CD78E}.Debug|Any CPU.Build.0 = Debug|Any CPU
		{AE5C9BDD-F6CF-0631-B361-76F71F1CD78E}.Debug|x64.ActiveCfg = Debug|Any CPU
		{AE5C9BDD-F6CF-0631-B361-76F71F1CD78E}.Debug|x64.Build.0 = Debug|Any CPU
		{AE5C9BDD-F6CF-0631-B361-76F71F1CD78E}.Debug|x86.ActiveCfg = Debug|Any CPU
		{AE5C9BDD-F6CF-0631-B361-76F71F1CD78E}.Debug|x86.Build.0 = Debug|Any CPU
		{AE5C9BDD-F6CF-0631-B361-76F71F1CD78E}.Release|Any CPU.ActiveCfg = Release|Any CPU
		{AE5C9BDD-F6CF-0631-B361-76F71F1CD78E}.Release|Any CPU.Build.0 = Release|Any CPU
		{AE5C9BDD-F6CF-0631-B361-76F71F1CD78E}.Release|x64.ActiveCfg = Release|Any CPU
		{AE5C9BDD-F6CF-0631-B361-76F71F1CD78E}.Release|x64.Build.0 = Release|Any CPU
		{AE5C9BDD-F6CF-0631-B361-76F71F1CD78E}.Release|x86.ActiveCfg = Release|Any CPU
		{AE5C9BDD-F6CF-0631-B361-76F71F1CD78E}.Release|x86.Build.0 = Release|Any CPU
		{FCDFD1E7-09A2-4EC2-D466-EA383573FF42}.Debug|Any CPU.ActiveCfg = Debug|Any CPU
		{FCDFD1E7-09A2-4EC2-D466-EA383573FF42}.Debug|Any CPU.Build.0 = Debug|Any CPU
		{FCDFD1E7-09A2-4EC2-D466-EA383573FF42}.Debug|x64.ActiveCfg = Debug|Any CPU
		{FCDFD1E7-09A2-4EC2-D466-EA383573FF42}.Debug|x64.Build.0 = Debug|Any CPU
		{FCDFD1E7-09A2-4EC2-D466-EA383573FF42}.Debug|x86.ActiveCfg = Debug|Any CPU
		{FCDFD1E7-09A2-4EC2-D466-EA383573FF42}.Debug|x86.Build.0 = Debug|Any CPU
		{FCDFD1E7-09A2-4EC2-D466-EA383573FF42}.Release|Any CPU.ActiveCfg = Release|Any CPU
		{FCDFD1E7-09A2-4EC2-D466-EA383573FF42}.Release|Any CPU.Build.0 = Release|Any CPU
		{FCDFD1E7-09A2-4EC2-D466-EA383573FF42}.Release|x64.ActiveCfg = Release|Any CPU
		{FCDFD1E7-09A2-4EC2-D466-EA383573FF42}.Release|x64.Build.0 = Release|Any CPU
		{FCDFD1E7-09A2-4EC2-D466-EA383573FF42}.Release|x86.ActiveCfg = Release|Any CPU
		{FCDFD1E7-09A2-4EC2-D466-EA383573FF42}.Release|x86.Build.0 = Release|Any CPU
		{1DF3D60E-7977-E145-25E9-BCC7B431C306}.Debug|Any CPU.ActiveCfg = Debug|Any CPU
		{1DF3D60E-7977-E145-25E9-BCC7B431C306}.Debug|Any CPU.Build.0 = Debug|Any CPU
		{1DF3D60E-7977-E145-25E9-BCC7B431C306}.Debug|x64.ActiveCfg = Debug|Any CPU
		{1DF3D60E-7977-E145-25E9-BCC7B431C306}.Debug|x64.Build.0 = Debug|Any CPU
		{1DF3D60E-7977-E145-25E9-BCC7B431C306}.Debug|x86.ActiveCfg = Debug|Any CPU
		{1DF3D60E-7977-E145-25E9-BCC7B431C306}.Debug|x86.Build.0 = Debug|Any CPU
		{1DF3D60E-7977-E145-25E9-BCC7B431C306}.Release|Any CPU.ActiveCfg = Release|Any CPU
		{1DF3D60E-7977-E145-25E9-BCC7B431C306}.Release|Any CPU.Build.0 = Release|Any CPU
		{1DF3D60E-7977-E145-25E9-BCC7B431C306}.Release|x64.ActiveCfg = Release|Any CPU
		{1DF3D60E-7977-E145-25E9-BCC7B431C306}.Release|x64.Build.0 = Release|Any CPU
		{1DF3D60E-7977-E145-25E9-BCC7B431C306}.Release|x86.ActiveCfg = Release|Any CPU
		{1DF3D60E-7977-E145-25E9-BCC7B431C306}.Release|x86.Build.0 = Release|Any CPU
		{6E9D6A3D-1E72-F08D-51FF-FCF9C47FEF93}.Debug|Any CPU.ActiveCfg = Debug|Any CPU
		{6E9D6A3D-1E72-F08D-51FF-FCF9C47FEF93}.Debug|Any CPU.Build.0 = Debug|Any CPU
		{6E9D6A3D-1E72-F08D-51FF-FCF9C47FEF93}.Debug|x64.ActiveCfg = Debug|Any CPU
		{6E9D6A3D-1E72-F08D-51FF-FCF9C47FEF93}.Debug|x64.Build.0 = Debug|Any CPU
		{6E9D6A3D-1E72-F08D-51FF-FCF9C47FEF93}.Debug|x86.ActiveCfg = Debug|Any CPU
		{6E9D6A3D-1E72-F08D-51FF-FCF9C47FEF93}.Debug|x86.Build.0 = Debug|Any CPU
		{6E9D6A3D-1E72-F08D-51FF-FCF9C47FEF93}.Release|Any CPU.ActiveCfg = Release|Any CPU
		{6E9D6A3D-1E72-F08D-51FF-FCF9C47FEF93}.Release|Any CPU.Build.0 = Release|Any CPU
		{6E9D6A3D-1E72-F08D-51FF-FCF9C47FEF93}.Release|x64.ActiveCfg = Release|Any CPU
		{6E9D6A3D-1E72-F08D-51FF-FCF9C47FEF93}.Release|x64.Build.0 = Release|Any CPU
		{6E9D6A3D-1E72-F08D-51FF-FCF9C47FEF93}.Release|x86.ActiveCfg = Release|Any CPU
		{6E9D6A3D-1E72-F08D-51FF-FCF9C47FEF93}.Release|x86.Build.0 = Release|Any CPU
		{E1A4E47F-BC25-43C9-A5C5-F733D57733CC}.Debug|Any CPU.ActiveCfg = Debug|Any CPU
		{E1A4E47F-BC25-43C9-A5C5-F733D57733CC}.Debug|Any CPU.Build.0 = Debug|Any CPU
		{E1A4E47F-BC25-43C9-A5C5-F733D57733CC}.Debug|x64.ActiveCfg = Debug|Any CPU
		{E1A4E47F-BC25-43C9-A5C5-F733D57733CC}.Debug|x64.Build.0 = Debug|Any CPU
		{E1A4E47F-BC25-43C9-A5C5-F733D57733CC}.Debug|x86.ActiveCfg = Debug|Any CPU
		{E1A4E47F-BC25-43C9-A5C5-F733D57733CC}.Debug|x86.Build.0 = Debug|Any CPU
		{E1A4E47F-BC25-43C9-A5C5-F733D57733CC}.Release|Any CPU.ActiveCfg = Release|Any CPU
		{E1A4E47F-BC25-43C9-A5C5-F733D57733CC}.Release|Any CPU.Build.0 = Release|Any CPU
		{E1A4E47F-BC25-43C9-A5C5-F733D57733CC}.Release|x64.ActiveCfg = Release|Any CPU
		{E1A4E47F-BC25-43C9-A5C5-F733D57733CC}.Release|x64.Build.0 = Release|Any CPU
		{E1A4E47F-BC25-43C9-A5C5-F733D57733CC}.Release|x86.ActiveCfg = Release|Any CPU
		{E1A4E47F-BC25-43C9-A5C5-F733D57733CC}.Release|x86.Build.0 = Release|Any CPU
		{C2150691-1A46-4372-A7C9-CB1B2FCDB6C4}.Debug|Any CPU.ActiveCfg = Debug|Any CPU
		{C2150691-1A46-4372-A7C9-CB1B2FCDB6C4}.Debug|Any CPU.Build.0 = Debug|Any CPU
		{C2150691-1A46-4372-A7C9-CB1B2FCDB6C4}.Debug|x64.ActiveCfg = Debug|Any CPU
		{C2150691-1A46-4372-A7C9-CB1B2FCDB6C4}.Debug|x64.Build.0 = Debug|Any CPU
		{C2150691-1A46-4372-A7C9-CB1B2FCDB6C4}.Debug|x86.ActiveCfg = Debug|Any CPU
		{C2150691-1A46-4372-A7C9-CB1B2FCDB6C4}.Debug|x86.Build.0 = Debug|Any CPU
		{C2150691-1A46-4372-A7C9-CB1B2FCDB6C4}.Release|Any CPU.ActiveCfg = Release|Any CPU
		{C2150691-1A46-4372-A7C9-CB1B2FCDB6C4}.Release|Any CPU.Build.0 = Release|Any CPU
		{C2150691-1A46-4372-A7C9-CB1B2FCDB6C4}.Release|x64.ActiveCfg = Release|Any CPU
		{C2150691-1A46-4372-A7C9-CB1B2FCDB6C4}.Release|x64.Build.0 = Release|Any CPU
		{C2150691-1A46-4372-A7C9-CB1B2FCDB6C4}.Release|x86.ActiveCfg = Release|Any CPU
		{C2150691-1A46-4372-A7C9-CB1B2FCDB6C4}.Release|x86.Build.0 = Release|Any CPU
		{2660AED7-398D-4BBF-C917-6F6BCA796115}.Debug|Any CPU.ActiveCfg = Debug|Any CPU
		{2660AED7-398D-4BBF-C917-6F6BCA796115}.Debug|Any CPU.Build.0 = Debug|Any CPU
		{2660AED7-398D-4BBF-C917-6F6BCA796115}.Debug|x64.ActiveCfg = Debug|Any CPU
		{2660AED7-398D-4BBF-C917-6F6BCA796115}.Debug|x64.Build.0 = Debug|Any CPU
		{2660AED7-398D-4BBF-C917-6F6BCA796115}.Debug|x86.ActiveCfg = Debug|Any CPU
		{2660AED7-398D-4BBF-C917-6F6BCA796115}.Debug|x86.Build.0 = Debug|Any CPU
		{2660AED7-398D-4BBF-C917-6F6BCA796115}.Release|Any CPU.ActiveCfg = Release|Any CPU
		{2660AED7-398D-4BBF-C917-6F6BCA796115}.Release|Any CPU.Build.0 = Release|Any CPU
		{2660AED7-398D-4BBF-C917-6F6BCA796115}.Release|x64.ActiveCfg = Release|Any CPU
		{2660AED7-398D-4BBF-C917-6F6BCA796115}.Release|x64.Build.0 = Release|Any CPU
		{2660AED7-398D-4BBF-C917-6F6BCA796115}.Release|x86.ActiveCfg = Release|Any CPU
		{2660AED7-398D-4BBF-C917-6F6BCA796115}.Release|x86.Build.0 = Release|Any CPU
		{A4F1EA1D-47A2-11BA-1563-6F8E37E8A3C0}.Debug|Any CPU.ActiveCfg = Debug|Any CPU
		{A4F1EA1D-47A2-11BA-1563-6F8E37E8A3C0}.Debug|Any CPU.Build.0 = Debug|Any CPU
		{A4F1EA1D-47A2-11BA-1563-6F8E37E8A3C0}.Debug|x64.ActiveCfg = Debug|Any CPU
		{A4F1EA1D-47A2-11BA-1563-6F8E37E8A3C0}.Debug|x64.Build.0 = Debug|Any CPU
		{A4F1EA1D-47A2-11BA-1563-6F8E37E8A3C0}.Debug|x86.ActiveCfg = Debug|Any CPU
		{A4F1EA1D-47A2-11BA-1563-6F8E37E8A3C0}.Debug|x86.Build.0 = Debug|Any CPU
		{A4F1EA1D-47A2-11BA-1563-6F8E37E8A3C0}.Release|Any CPU.ActiveCfg = Release|Any CPU
		{A4F1EA1D-47A2-11BA-1563-6F8E37E8A3C0}.Release|Any CPU.Build.0 = Release|Any CPU
		{A4F1EA1D-47A2-11BA-1563-6F8E37E8A3C0}.Release|x64.ActiveCfg = Release|Any CPU
		{A4F1EA1D-47A2-11BA-1563-6F8E37E8A3C0}.Release|x64.Build.0 = Release|Any CPU
		{A4F1EA1D-47A2-11BA-1563-6F8E37E8A3C0}.Release|x86.ActiveCfg = Release|Any CPU
		{A4F1EA1D-47A2-11BA-1563-6F8E37E8A3C0}.Release|x86.Build.0 = Release|Any CPU
		{B65500C2-CBDC-CB40-48BB-8089BC022800}.Debug|Any CPU.ActiveCfg = Debug|Any CPU
		{B65500C2-CBDC-CB40-48BB-8089BC022800}.Debug|Any CPU.Build.0 = Debug|Any CPU
		{B65500C2-CBDC-CB40-48BB-8089BC022800}.Debug|x64.ActiveCfg = Debug|Any CPU
		{B65500C2-CBDC-CB40-48BB-8089BC022800}.Debug|x64.Build.0 = Debug|Any CPU
		{B65500C2-CBDC-CB40-48BB-8089BC022800}.Debug|x86.ActiveCfg = Debug|Any CPU
		{B65500C2-CBDC-CB40-48BB-8089BC022800}.Debug|x86.Build.0 = Debug|Any CPU
		{B65500C2-CBDC-CB40-48BB-8089BC022800}.Release|Any CPU.ActiveCfg = Release|Any CPU
		{B65500C2-CBDC-CB40-48BB-8089BC022800}.Release|Any CPU.Build.0 = Release|Any CPU
		{B65500C2-CBDC-CB40-48BB-8089BC022800}.Release|x64.ActiveCfg = Release|Any CPU
		{B65500C2-CBDC-CB40-48BB-8089BC022800}.Release|x64.Build.0 = Release|Any CPU
		{B65500C2-CBDC-CB40-48BB-8089BC022800}.Release|x86.ActiveCfg = Release|Any CPU
		{B65500C2-CBDC-CB40-48BB-8089BC022800}.Release|x86.Build.0 = Release|Any CPU
		{C9F6F22F-D8CE-1013-3277-ABEECEC6BA3E}.Debug|Any CPU.ActiveCfg = Debug|Any CPU
		{C9F6F22F-D8CE-1013-3277-ABEECEC6BA3E}.Debug|Any CPU.Build.0 = Debug|Any CPU
		{C9F6F22F-D8CE-1013-3277-ABEECEC6BA3E}.Debug|x64.ActiveCfg = Debug|Any CPU
		{C9F6F22F-D8CE-1013-3277-ABEECEC6BA3E}.Debug|x64.Build.0 = Debug|Any CPU
		{C9F6F22F-D8CE-1013-3277-ABEECEC6BA3E}.Debug|x86.ActiveCfg = Debug|Any CPU
		{C9F6F22F-D8CE-1013-3277-ABEECEC6BA3E}.Debug|x86.Build.0 = Debug|Any CPU
		{C9F6F22F-D8CE-1013-3277-ABEECEC6BA3E}.Release|Any CPU.ActiveCfg = Release|Any CPU
		{C9F6F22F-D8CE-1013-3277-ABEECEC6BA3E}.Release|Any CPU.Build.0 = Release|Any CPU
		{C9F6F22F-D8CE-1013-3277-ABEECEC6BA3E}.Release|x64.ActiveCfg = Release|Any CPU
		{C9F6F22F-D8CE-1013-3277-ABEECEC6BA3E}.Release|x64.Build.0 = Release|Any CPU
		{C9F6F22F-D8CE-1013-3277-ABEECEC6BA3E}.Release|x86.ActiveCfg = Release|Any CPU
		{C9F6F22F-D8CE-1013-3277-ABEECEC6BA3E}.Release|x86.Build.0 = Release|Any CPU
		{33E025C3-D818-DE75-2864-F7E638F24A61}.Debug|Any CPU.ActiveCfg = Debug|Any CPU
		{33E025C3-D818-DE75-2864-F7E638F24A61}.Debug|Any CPU.Build.0 = Debug|Any CPU
		{33E025C3-D818-DE75-2864-F7E638F24A61}.Debug|x64.ActiveCfg = Debug|Any CPU
		{33E025C3-D818-DE75-2864-F7E638F24A61}.Debug|x64.Build.0 = Debug|Any CPU
		{33E025C3-D818-DE75-2864-F7E638F24A61}.Debug|x86.ActiveCfg = Debug|Any CPU
		{33E025C3-D818-DE75-2864-F7E638F24A61}.Debug|x86.Build.0 = Debug|Any CPU
		{33E025C3-D818-DE75-2864-F7E638F24A61}.Release|Any CPU.ActiveCfg = Release|Any CPU
		{33E025C3-D818-DE75-2864-F7E638F24A61}.Release|Any CPU.Build.0 = Release|Any CPU
		{33E025C3-D818-DE75-2864-F7E638F24A61}.Release|x64.ActiveCfg = Release|Any CPU
		{33E025C3-D818-DE75-2864-F7E638F24A61}.Release|x64.Build.0 = Release|Any CPU
		{33E025C3-D818-DE75-2864-F7E638F24A61}.Release|x86.ActiveCfg = Release|Any CPU
		{33E025C3-D818-DE75-2864-F7E638F24A61}.Release|x86.Build.0 = Release|Any CPU
		{19A7840C-8496-6ACC-52FA-3A91986686D2}.Debug|Any CPU.ActiveCfg = Debug|Any CPU
		{19A7840C-8496-6ACC-52FA-3A91986686D2}.Debug|Any CPU.Build.0 = Debug|Any CPU
		{19A7840C-8496-6ACC-52FA-3A91986686D2}.Debug|x64.ActiveCfg = Debug|Any CPU
		{19A7840C-8496-6ACC-52FA-3A91986686D2}.Debug|x64.Build.0 = Debug|Any CPU
		{19A7840C-8496-6ACC-52FA-3A91986686D2}.Debug|x86.ActiveCfg = Debug|Any CPU
		{19A7840C-8496-6ACC-52FA-3A91986686D2}.Debug|x86.Build.0 = Debug|Any CPU
		{19A7840C-8496-6ACC-52FA-3A91986686D2}.Release|Any CPU.ActiveCfg = Release|Any CPU
		{19A7840C-8496-6ACC-52FA-3A91986686D2}.Release|Any CPU.Build.0 = Release|Any CPU
		{19A7840C-8496-6ACC-52FA-3A91986686D2}.Release|x64.ActiveCfg = Release|Any CPU
		{19A7840C-8496-6ACC-52FA-3A91986686D2}.Release|x64.Build.0 = Release|Any CPU
		{19A7840C-8496-6ACC-52FA-3A91986686D2}.Release|x86.ActiveCfg = Release|Any CPU
		{19A7840C-8496-6ACC-52FA-3A91986686D2}.Release|x86.Build.0 = Release|Any CPU
		{6A7FB916-811F-6748-8144-484A0E455289}.Debug|Any CPU.ActiveCfg = Debug|Any CPU
		{6A7FB916-811F-6748-8144-484A0E455289}.Debug|Any CPU.Build.0 = Debug|Any CPU
		{6A7FB916-811F-6748-8144-484A0E455289}.Debug|x64.ActiveCfg = Debug|Any CPU
		{6A7FB916-811F-6748-8144-484A0E455289}.Debug|x64.Build.0 = Debug|Any CPU
		{6A7FB916-811F-6748-8144-484A0E455289}.Debug|x86.ActiveCfg = Debug|Any CPU
		{6A7FB916-811F-6748-8144-484A0E455289}.Debug|x86.Build.0 = Debug|Any CPU
		{6A7FB916-811F-6748-8144-484A0E455289}.Release|Any CPU.ActiveCfg = Release|Any CPU
		{6A7FB916-811F-6748-8144-484A0E455289}.Release|Any CPU.Build.0 = Release|Any CPU
		{6A7FB916-811F-6748-8144-484A0E455289}.Release|x64.ActiveCfg = Release|Any CPU
		{6A7FB916-811F-6748-8144-484A0E455289}.Release|x64.Build.0 = Release|Any CPU
		{6A7FB916-811F-6748-8144-484A0E455289}.Release|x86.ActiveCfg = Release|Any CPU
		{6A7FB916-811F-6748-8144-484A0E455289}.Release|x86.Build.0 = Release|Any CPU
		{236C9D68-5907-F6C3-A777-764F7FB5ED0A}.Debug|Any CPU.ActiveCfg = Debug|Any CPU
		{236C9D68-5907-F6C3-A777-764F7FB5ED0A}.Debug|Any CPU.Build.0 = Debug|Any CPU
		{236C9D68-5907-F6C3-A777-764F7FB5ED0A}.Debug|x64.ActiveCfg = Debug|Any CPU
		{236C9D68-5907-F6C3-A777-764F7FB5ED0A}.Debug|x64.Build.0 = Debug|Any CPU
		{236C9D68-5907-F6C3-A777-764F7FB5ED0A}.Debug|x86.ActiveCfg = Debug|Any CPU
		{236C9D68-5907-F6C3-A777-764F7FB5ED0A}.Debug|x86.Build.0 = Debug|Any CPU
		{236C9D68-5907-F6C3-A777-764F7FB5ED0A}.Release|Any CPU.ActiveCfg = Release|Any CPU
		{236C9D68-5907-F6C3-A777-764F7FB5ED0A}.Release|Any CPU.Build.0 = Release|Any CPU
		{236C9D68-5907-F6C3-A777-764F7FB5ED0A}.Release|x64.ActiveCfg = Release|Any CPU
		{236C9D68-5907-F6C3-A777-764F7FB5ED0A}.Release|x64.Build.0 = Release|Any CPU
		{236C9D68-5907-F6C3-A777-764F7FB5ED0A}.Release|x86.ActiveCfg = Release|Any CPU
		{236C9D68-5907-F6C3-A777-764F7FB5ED0A}.Release|x86.Build.0 = Release|Any CPU
		{A75D4542-9D3D-C3F7-934C-54CCBA9BC12E}.Debug|Any CPU.ActiveCfg = Debug|Any CPU
		{A75D4542-9D3D-C3F7-934C-54CCBA9BC12E}.Debug|Any CPU.Build.0 = Debug|Any CPU
		{A75D4542-9D3D-C3F7-934C-54CCBA9BC12E}.Debug|x64.ActiveCfg = Debug|Any CPU
		{A75D4542-9D3D-C3F7-934C-54CCBA9BC12E}.Debug|x64.Build.0 = Debug|Any CPU
		{A75D4542-9D3D-C3F7-934C-54CCBA9BC12E}.Debug|x86.ActiveCfg = Debug|Any CPU
		{A75D4542-9D3D-C3F7-934C-54CCBA9BC12E}.Debug|x86.Build.0 = Debug|Any CPU
		{A75D4542-9D3D-C3F7-934C-54CCBA9BC12E}.Release|Any CPU.ActiveCfg = Release|Any CPU
		{A75D4542-9D3D-C3F7-934C-54CCBA9BC12E}.Release|Any CPU.Build.0 = Release|Any CPU
		{A75D4542-9D3D-C3F7-934C-54CCBA9BC12E}.Release|x64.ActiveCfg = Release|Any CPU
		{A75D4542-9D3D-C3F7-934C-54CCBA9BC12E}.Release|x64.Build.0 = Release|Any CPU
		{A75D4542-9D3D-C3F7-934C-54CCBA9BC12E}.Release|x86.ActiveCfg = Release|Any CPU
		{A75D4542-9D3D-C3F7-934C-54CCBA9BC12E}.Release|x86.Build.0 = Release|Any CPU
		{ABC5B561-0A43-CD92-6879-F3C0EBAE9A96}.Debug|Any CPU.ActiveCfg = Debug|Any CPU
		{ABC5B561-0A43-CD92-6879-F3C0EBAE9A96}.Debug|Any CPU.Build.0 = Debug|Any CPU
		{ABC5B561-0A43-CD92-6879-F3C0EBAE9A96}.Debug|x64.ActiveCfg = Debug|Any CPU
		{ABC5B561-0A43-CD92-6879-F3C0EBAE9A96}.Debug|x64.Build.0 = Debug|Any CPU
		{ABC5B561-0A43-CD92-6879-F3C0EBAE9A96}.Debug|x86.ActiveCfg = Debug|Any CPU
		{ABC5B561-0A43-CD92-6879-F3C0EBAE9A96}.Debug|x86.Build.0 = Debug|Any CPU
		{ABC5B561-0A43-CD92-6879-F3C0EBAE9A96}.Release|Any CPU.ActiveCfg = Release|Any CPU
		{ABC5B561-0A43-CD92-6879-F3C0EBAE9A96}.Release|Any CPU.Build.0 = Release|Any CPU
		{ABC5B561-0A43-CD92-6879-F3C0EBAE9A96}.Release|x64.ActiveCfg = Release|Any CPU
		{ABC5B561-0A43-CD92-6879-F3C0EBAE9A96}.Release|x64.Build.0 = Release|Any CPU
		{ABC5B561-0A43-CD92-6879-F3C0EBAE9A96}.Release|x86.ActiveCfg = Release|Any CPU
		{ABC5B561-0A43-CD92-6879-F3C0EBAE9A96}.Release|x86.Build.0 = Release|Any CPU
		{9AAA49B9-E333-7F3D-D32D-4D2F0DB945E2}.Debug|Any CPU.ActiveCfg = Debug|Any CPU
		{9AAA49B9-E333-7F3D-D32D-4D2F0DB945E2}.Debug|Any CPU.Build.0 = Debug|Any CPU
		{9AAA49B9-E333-7F3D-D32D-4D2F0DB945E2}.Debug|x64.ActiveCfg = Debug|Any CPU
		{9AAA49B9-E333-7F3D-D32D-4D2F0DB945E2}.Debug|x64.Build.0 = Debug|Any CPU
		{9AAA49B9-E333-7F3D-D32D-4D2F0DB945E2}.Debug|x86.ActiveCfg = Debug|Any CPU
		{9AAA49B9-E333-7F3D-D32D-4D2F0DB945E2}.Debug|x86.Build.0 = Debug|Any CPU
		{9AAA49B9-E333-7F3D-D32D-4D2F0DB945E2}.Release|Any CPU.ActiveCfg = Release|Any CPU
		{9AAA49B9-E333-7F3D-D32D-4D2F0DB945E2}.Release|Any CPU.Build.0 = Release|Any CPU
		{9AAA49B9-E333-7F3D-D32D-4D2F0DB945E2}.Release|x64.ActiveCfg = Release|Any CPU
		{9AAA49B9-E333-7F3D-D32D-4D2F0DB945E2}.Release|x64.Build.0 = Release|Any CPU
		{9AAA49B9-E333-7F3D-D32D-4D2F0DB945E2}.Release|x86.ActiveCfg = Release|Any CPU
		{9AAA49B9-E333-7F3D-D32D-4D2F0DB945E2}.Release|x86.Build.0 = Release|Any CPU
		{5A5D7646-E3BD-0434-1B11-7F126EB37D1B}.Debug|Any CPU.ActiveCfg = Debug|Any CPU
		{5A5D7646-E3BD-0434-1B11-7F126EB37D1B}.Debug|Any CPU.Build.0 = Debug|Any CPU
		{5A5D7646-E3BD-0434-1B11-7F126EB37D1B}.Debug|x64.ActiveCfg = Debug|Any CPU
		{5A5D7646-E3BD-0434-1B11-7F126EB37D1B}.Debug|x64.Build.0 = Debug|Any CPU
		{5A5D7646-E3BD-0434-1B11-7F126EB37D1B}.Debug|x86.ActiveCfg = Debug|Any CPU
		{5A5D7646-E3BD-0434-1B11-7F126EB37D1B}.Debug|x86.Build.0 = Debug|Any CPU
		{5A5D7646-E3BD-0434-1B11-7F126EB37D1B}.Release|Any CPU.ActiveCfg = Release|Any CPU
		{5A5D7646-E3BD-0434-1B11-7F126EB37D1B}.Release|Any CPU.Build.0 = Release|Any CPU
		{5A5D7646-E3BD-0434-1B11-7F126EB37D1B}.Release|x64.ActiveCfg = Release|Any CPU
		{5A5D7646-E3BD-0434-1B11-7F126EB37D1B}.Release|x64.Build.0 = Release|Any CPU
		{5A5D7646-E3BD-0434-1B11-7F126EB37D1B}.Release|x86.ActiveCfg = Release|Any CPU
		{5A5D7646-E3BD-0434-1B11-7F126EB37D1B}.Release|x86.Build.0 = Release|Any CPU
		{A6415EAE-B5C0-C31F-845A-993F742767DD}.Debug|Any CPU.ActiveCfg = Debug|Any CPU
		{A6415EAE-B5C0-C31F-845A-993F742767DD}.Debug|Any CPU.Build.0 = Debug|Any CPU
		{A6415EAE-B5C0-C31F-845A-993F742767DD}.Debug|x64.ActiveCfg = Debug|Any CPU
		{A6415EAE-B5C0-C31F-845A-993F742767DD}.Debug|x64.Build.0 = Debug|Any CPU
		{A6415EAE-B5C0-C31F-845A-993F742767DD}.Debug|x86.ActiveCfg = Debug|Any CPU
		{A6415EAE-B5C0-C31F-845A-993F742767DD}.Debug|x86.Build.0 = Debug|Any CPU
		{A6415EAE-B5C0-C31F-845A-993F742767DD}.Release|Any CPU.ActiveCfg = Release|Any CPU
		{A6415EAE-B5C0-C31F-845A-993F742767DD}.Release|Any CPU.Build.0 = Release|Any CPU
		{A6415EAE-B5C0-C31F-845A-993F742767DD}.Release|x64.ActiveCfg = Release|Any CPU
		{A6415EAE-B5C0-C31F-845A-993F742767DD}.Release|x64.Build.0 = Release|Any CPU
		{A6415EAE-B5C0-C31F-845A-993F742767DD}.Release|x86.ActiveCfg = Release|Any CPU
		{A6415EAE-B5C0-C31F-845A-993F742767DD}.Release|x86.Build.0 = Release|Any CPU
		{30A0506A-BBBB-4ADD-0AAD-EA6B1CF4A734}.Debug|Any CPU.ActiveCfg = Debug|Any CPU
		{30A0506A-BBBB-4ADD-0AAD-EA6B1CF4A734}.Debug|Any CPU.Build.0 = Debug|Any CPU
		{30A0506A-BBBB-4ADD-0AAD-EA6B1CF4A734}.Debug|x64.ActiveCfg = Debug|Any CPU
		{30A0506A-BBBB-4ADD-0AAD-EA6B1CF4A734}.Debug|x64.Build.0 = Debug|Any CPU
		{30A0506A-BBBB-4ADD-0AAD-EA6B1CF4A734}.Debug|x86.ActiveCfg = Debug|Any CPU
		{30A0506A-BBBB-4ADD-0AAD-EA6B1CF4A734}.Debug|x86.Build.0 = Debug|Any CPU
		{30A0506A-BBBB-4ADD-0AAD-EA6B1CF4A734}.Release|Any CPU.ActiveCfg = Release|Any CPU
		{30A0506A-BBBB-4ADD-0AAD-EA6B1CF4A734}.Release|Any CPU.Build.0 = Release|Any CPU
		{30A0506A-BBBB-4ADD-0AAD-EA6B1CF4A734}.Release|x64.ActiveCfg = Release|Any CPU
		{30A0506A-BBBB-4ADD-0AAD-EA6B1CF4A734}.Release|x64.Build.0 = Release|Any CPU
		{30A0506A-BBBB-4ADD-0AAD-EA6B1CF4A734}.Release|x86.ActiveCfg = Release|Any CPU
		{30A0506A-BBBB-4ADD-0AAD-EA6B1CF4A734}.Release|x86.Build.0 = Release|Any CPU
		{EDBBC0F6-9062-278F-4AA5-40C6AEB6836A}.Debug|Any CPU.ActiveCfg = Debug|Any CPU
		{EDBBC0F6-9062-278F-4AA5-40C6AEB6836A}.Debug|Any CPU.Build.0 = Debug|Any CPU
		{EDBBC0F6-9062-278F-4AA5-40C6AEB6836A}.Debug|x64.ActiveCfg = Debug|Any CPU
		{EDBBC0F6-9062-278F-4AA5-40C6AEB6836A}.Debug|x64.Build.0 = Debug|Any CPU
		{EDBBC0F6-9062-278F-4AA5-40C6AEB6836A}.Debug|x86.ActiveCfg = Debug|Any CPU
		{EDBBC0F6-9062-278F-4AA5-40C6AEB6836A}.Debug|x86.Build.0 = Debug|Any CPU
		{EDBBC0F6-9062-278F-4AA5-40C6AEB6836A}.Release|Any CPU.ActiveCfg = Release|Any CPU
		{EDBBC0F6-9062-278F-4AA5-40C6AEB6836A}.Release|Any CPU.Build.0 = Release|Any CPU
		{EDBBC0F6-9062-278F-4AA5-40C6AEB6836A}.Release|x64.ActiveCfg = Release|Any CPU
		{EDBBC0F6-9062-278F-4AA5-40C6AEB6836A}.Release|x64.Build.0 = Release|Any CPU
		{EDBBC0F6-9062-278F-4AA5-40C6AEB6836A}.Release|x86.ActiveCfg = Release|Any CPU
		{EDBBC0F6-9062-278F-4AA5-40C6AEB6836A}.Release|x86.Build.0 = Release|Any CPU
		{105AF2A3-094C-AD1F-B588-CD08907FB6E2}.Debug|Any CPU.ActiveCfg = Debug|Any CPU
		{105AF2A3-094C-AD1F-B588-CD08907FB6E2}.Debug|Any CPU.Build.0 = Debug|Any CPU
		{105AF2A3-094C-AD1F-B588-CD08907FB6E2}.Debug|x64.ActiveCfg = Debug|Any CPU
		{105AF2A3-094C-AD1F-B588-CD08907FB6E2}.Debug|x64.Build.0 = Debug|Any CPU
		{105AF2A3-094C-AD1F-B588-CD08907FB6E2}.Debug|x86.ActiveCfg = Debug|Any CPU
		{105AF2A3-094C-AD1F-B588-CD08907FB6E2}.Debug|x86.Build.0 = Debug|Any CPU
		{105AF2A3-094C-AD1F-B588-CD08907FB6E2}.Release|Any CPU.ActiveCfg = Release|Any CPU
		{105AF2A3-094C-AD1F-B588-CD08907FB6E2}.Release|Any CPU.Build.0 = Release|Any CPU
		{105AF2A3-094C-AD1F-B588-CD08907FB6E2}.Release|x64.ActiveCfg = Release|Any CPU
		{105AF2A3-094C-AD1F-B588-CD08907FB6E2}.Release|x64.Build.0 = Release|Any CPU
		{105AF2A3-094C-AD1F-B588-CD08907FB6E2}.Release|x86.ActiveCfg = Release|Any CPU
		{105AF2A3-094C-AD1F-B588-CD08907FB6E2}.Release|x86.Build.0 = Release|Any CPU
		{6B08E72B-5F91-3028-9CB9-9C7F4ABAFE1B}.Debug|Any CPU.ActiveCfg = Debug|Any CPU
		{6B08E72B-5F91-3028-9CB9-9C7F4ABAFE1B}.Debug|Any CPU.Build.0 = Debug|Any CPU
		{6B08E72B-5F91-3028-9CB9-9C7F4ABAFE1B}.Debug|x64.ActiveCfg = Debug|Any CPU
		{6B08E72B-5F91-3028-9CB9-9C7F4ABAFE1B}.Debug|x64.Build.0 = Debug|Any CPU
		{6B08E72B-5F91-3028-9CB9-9C7F4ABAFE1B}.Debug|x86.ActiveCfg = Debug|Any CPU
		{6B08E72B-5F91-3028-9CB9-9C7F4ABAFE1B}.Debug|x86.Build.0 = Debug|Any CPU
		{6B08E72B-5F91-3028-9CB9-9C7F4ABAFE1B}.Release|Any CPU.ActiveCfg = Release|Any CPU
		{6B08E72B-5F91-3028-9CB9-9C7F4ABAFE1B}.Release|Any CPU.Build.0 = Release|Any CPU
		{6B08E72B-5F91-3028-9CB9-9C7F4ABAFE1B}.Release|x64.ActiveCfg = Release|Any CPU
		{6B08E72B-5F91-3028-9CB9-9C7F4ABAFE1B}.Release|x64.Build.0 = Release|Any CPU
		{6B08E72B-5F91-3028-9CB9-9C7F4ABAFE1B}.Release|x86.ActiveCfg = Release|Any CPU
		{6B08E72B-5F91-3028-9CB9-9C7F4ABAFE1B}.Release|x86.Build.0 = Release|Any CPU
		{B0181333-C21A-0701-BDDF-A4A5558C5810}.Debug|Any CPU.ActiveCfg = Debug|Any CPU
		{B0181333-C21A-0701-BDDF-A4A5558C5810}.Debug|Any CPU.Build.0 = Debug|Any CPU
		{B0181333-C21A-0701-BDDF-A4A5558C5810}.Debug|x64.ActiveCfg = Debug|Any CPU
		{B0181333-C21A-0701-BDDF-A4A5558C5810}.Debug|x64.Build.0 = Debug|Any CPU
		{B0181333-C21A-0701-BDDF-A4A5558C5810}.Debug|x86.ActiveCfg = Debug|Any CPU
		{B0181333-C21A-0701-BDDF-A4A5558C5810}.Debug|x86.Build.0 = Debug|Any CPU
		{B0181333-C21A-0701-BDDF-A4A5558C5810}.Release|Any CPU.ActiveCfg = Release|Any CPU
		{B0181333-C21A-0701-BDDF-A4A5558C5810}.Release|Any CPU.Build.0 = Release|Any CPU
		{B0181333-C21A-0701-BDDF-A4A5558C5810}.Release|x64.ActiveCfg = Release|Any CPU
		{B0181333-C21A-0701-BDDF-A4A5558C5810}.Release|x64.Build.0 = Release|Any CPU
		{B0181333-C21A-0701-BDDF-A4A5558C5810}.Release|x86.ActiveCfg = Release|Any CPU
		{B0181333-C21A-0701-BDDF-A4A5558C5810}.Release|x86.Build.0 = Release|Any CPU
		{B8D57A7D-D76B-AAF9-12DA-A0957F6A2690}.Debug|Any CPU.ActiveCfg = Debug|Any CPU
		{B8D57A7D-D76B-AAF9-12DA-A0957F6A2690}.Debug|Any CPU.Build.0 = Debug|Any CPU
		{B8D57A7D-D76B-AAF9-12DA-A0957F6A2690}.Debug|x64.ActiveCfg = Debug|Any CPU
		{B8D57A7D-D76B-AAF9-12DA-A0957F6A2690}.Debug|x64.Build.0 = Debug|Any CPU
		{B8D57A7D-D76B-AAF9-12DA-A0957F6A2690}.Debug|x86.ActiveCfg = Debug|Any CPU
		{B8D57A7D-D76B-AAF9-12DA-A0957F6A2690}.Debug|x86.Build.0 = Debug|Any CPU
		{B8D57A7D-D76B-AAF9-12DA-A0957F6A2690}.Release|Any CPU.ActiveCfg = Release|Any CPU
		{B8D57A7D-D76B-AAF9-12DA-A0957F6A2690}.Release|Any CPU.Build.0 = Release|Any CPU
		{B8D57A7D-D76B-AAF9-12DA-A0957F6A2690}.Release|x64.ActiveCfg = Release|Any CPU
		{B8D57A7D-D76B-AAF9-12DA-A0957F6A2690}.Release|x64.Build.0 = Release|Any CPU
		{B8D57A7D-D76B-AAF9-12DA-A0957F6A2690}.Release|x86.ActiveCfg = Release|Any CPU
		{B8D57A7D-D76B-AAF9-12DA-A0957F6A2690}.Release|x86.Build.0 = Release|Any CPU
		{F3D26BD9-D3B6-55FB-EE05-EAC5A72AA47D}.Debug|Any CPU.ActiveCfg = Debug|Any CPU
		{F3D26BD9-D3B6-55FB-EE05-EAC5A72AA47D}.Debug|Any CPU.Build.0 = Debug|Any CPU
		{F3D26BD9-D3B6-55FB-EE05-EAC5A72AA47D}.Debug|x64.ActiveCfg = Debug|Any CPU
		{F3D26BD9-D3B6-55FB-EE05-EAC5A72AA47D}.Debug|x64.Build.0 = Debug|Any CPU
		{F3D26BD9-D3B6-55FB-EE05-EAC5A72AA47D}.Debug|x86.ActiveCfg = Debug|Any CPU
		{F3D26BD9-D3B6-55FB-EE05-EAC5A72AA47D}.Debug|x86.Build.0 = Debug|Any CPU
		{F3D26BD9-D3B6-55FB-EE05-EAC5A72AA47D}.Release|Any CPU.ActiveCfg = Release|Any CPU
		{F3D26BD9-D3B6-55FB-EE05-EAC5A72AA47D}.Release|Any CPU.Build.0 = Release|Any CPU
		{F3D26BD9-D3B6-55FB-EE05-EAC5A72AA47D}.Release|x64.ActiveCfg = Release|Any CPU
		{F3D26BD9-D3B6-55FB-EE05-EAC5A72AA47D}.Release|x64.Build.0 = Release|Any CPU
		{F3D26BD9-D3B6-55FB-EE05-EAC5A72AA47D}.Release|x86.ActiveCfg = Release|Any CPU
		{F3D26BD9-D3B6-55FB-EE05-EAC5A72AA47D}.Release|x86.Build.0 = Release|Any CPU
		{D59B5876-1305-B942-44D8-9FB0ABED7F85}.Debug|Any CPU.ActiveCfg = Debug|Any CPU
		{D59B5876-1305-B942-44D8-9FB0ABED7F85}.Debug|Any CPU.Build.0 = Debug|Any CPU
		{D59B5876-1305-B942-44D8-9FB0ABED7F85}.Debug|x64.ActiveCfg = Debug|Any CPU
		{D59B5876-1305-B942-44D8-9FB0ABED7F85}.Debug|x64.Build.0 = Debug|Any CPU
		{D59B5876-1305-B942-44D8-9FB0ABED7F85}.Debug|x86.ActiveCfg = Debug|Any CPU
		{D59B5876-1305-B942-44D8-9FB0ABED7F85}.Debug|x86.Build.0 = Debug|Any CPU
		{D59B5876-1305-B942-44D8-9FB0ABED7F85}.Release|Any CPU.ActiveCfg = Release|Any CPU
		{D59B5876-1305-B942-44D8-9FB0ABED7F85}.Release|Any CPU.Build.0 = Release|Any CPU
		{D59B5876-1305-B942-44D8-9FB0ABED7F85}.Release|x64.ActiveCfg = Release|Any CPU
		{D59B5876-1305-B942-44D8-9FB0ABED7F85}.Release|x64.Build.0 = Release|Any CPU
		{D59B5876-1305-B942-44D8-9FB0ABED7F85}.Release|x86.ActiveCfg = Release|Any CPU
		{D59B5876-1305-B942-44D8-9FB0ABED7F85}.Release|x86.Build.0 = Release|Any CPU
		{E8A4B54C-6FAB-0C4D-9B15-D3DD6A7BE4FB}.Debug|Any CPU.ActiveCfg = Debug|Any CPU
		{E8A4B54C-6FAB-0C4D-9B15-D3DD6A7BE4FB}.Debug|Any CPU.Build.0 = Debug|Any CPU
		{E8A4B54C-6FAB-0C4D-9B15-D3DD6A7BE4FB}.Debug|x64.ActiveCfg = Debug|Any CPU
		{E8A4B54C-6FAB-0C4D-9B15-D3DD6A7BE4FB}.Debug|x64.Build.0 = Debug|Any CPU
		{E8A4B54C-6FAB-0C4D-9B15-D3DD6A7BE4FB}.Debug|x86.ActiveCfg = Debug|Any CPU
		{E8A4B54C-6FAB-0C4D-9B15-D3DD6A7BE4FB}.Debug|x86.Build.0 = Debug|Any CPU
		{E8A4B54C-6FAB-0C4D-9B15-D3DD6A7BE4FB}.Release|Any CPU.ActiveCfg = Release|Any CPU
		{E8A4B54C-6FAB-0C4D-9B15-D3DD6A7BE4FB}.Release|Any CPU.Build.0 = Release|Any CPU
		{E8A4B54C-6FAB-0C4D-9B15-D3DD6A7BE4FB}.Release|x64.ActiveCfg = Release|Any CPU
		{E8A4B54C-6FAB-0C4D-9B15-D3DD6A7BE4FB}.Release|x64.Build.0 = Release|Any CPU
		{E8A4B54C-6FAB-0C4D-9B15-D3DD6A7BE4FB}.Release|x86.ActiveCfg = Release|Any CPU
		{E8A4B54C-6FAB-0C4D-9B15-D3DD6A7BE4FB}.Release|x86.Build.0 = Release|Any CPU
		{9CF843AB-763C-25EB-E705-A8F391358BAC}.Debug|Any CPU.ActiveCfg = Debug|Any CPU
		{9CF843AB-763C-25EB-E705-A8F391358BAC}.Debug|Any CPU.Build.0 = Debug|Any CPU
		{9CF843AB-763C-25EB-E705-A8F391358BAC}.Debug|x64.ActiveCfg = Debug|Any CPU
		{9CF843AB-763C-25EB-E705-A8F391358BAC}.Debug|x64.Build.0 = Debug|Any CPU
		{9CF843AB-763C-25EB-E705-A8F391358BAC}.Debug|x86.ActiveCfg = Debug|Any CPU
		{9CF843AB-763C-25EB-E705-A8F391358BAC}.Debug|x86.Build.0 = Debug|Any CPU
		{9CF843AB-763C-25EB-E705-A8F391358BAC}.Release|Any CPU.ActiveCfg = Release|Any CPU
		{9CF843AB-763C-25EB-E705-A8F391358BAC}.Release|Any CPU.Build.0 = Release|Any CPU
		{9CF843AB-763C-25EB-E705-A8F391358BAC}.Release|x64.ActiveCfg = Release|Any CPU
		{9CF843AB-763C-25EB-E705-A8F391358BAC}.Release|x64.Build.0 = Release|Any CPU
		{9CF843AB-763C-25EB-E705-A8F391358BAC}.Release|x86.ActiveCfg = Release|Any CPU
		{9CF843AB-763C-25EB-E705-A8F391358BAC}.Release|x86.Build.0 = Release|Any CPU
		{E7DEE718-0BBC-43CA-AC98-0EE05BB92A53}.Debug|Any CPU.ActiveCfg = Debug|Any CPU
		{E7DEE718-0BBC-43CA-AC98-0EE05BB92A53}.Debug|Any CPU.Build.0 = Debug|Any CPU
		{E7DEE718-0BBC-43CA-AC98-0EE05BB92A53}.Debug|x64.ActiveCfg = Debug|Any CPU
		{E7DEE718-0BBC-43CA-AC98-0EE05BB92A53}.Debug|x64.Build.0 = Debug|Any CPU
		{E7DEE718-0BBC-43CA-AC98-0EE05BB92A53}.Debug|x86.ActiveCfg = Debug|Any CPU
		{E7DEE718-0BBC-43CA-AC98-0EE05BB92A53}.Debug|x86.Build.0 = Debug|Any CPU
		{E7DEE718-0BBC-43CA-AC98-0EE05BB92A53}.Release|Any CPU.ActiveCfg = Release|Any CPU
		{E7DEE718-0BBC-43CA-AC98-0EE05BB92A53}.Release|Any CPU.Build.0 = Release|Any CPU
		{E7DEE718-0BBC-43CA-AC98-0EE05BB92A53}.Release|x64.ActiveCfg = Release|Any CPU
		{E7DEE718-0BBC-43CA-AC98-0EE05BB92A53}.Release|x64.Build.0 = Release|Any CPU
		{E7DEE718-0BBC-43CA-AC98-0EE05BB92A53}.Release|x86.ActiveCfg = Release|Any CPU
		{E7DEE718-0BBC-43CA-AC98-0EE05BB92A53}.Release|x86.Build.0 = Release|Any CPU
		{B058E110-ADBA-43CB-BA4A-60B5A3EC7D35}.Debug|Any CPU.ActiveCfg = Debug|Any CPU
		{B058E110-ADBA-43CB-BA4A-60B5A3EC7D35}.Debug|Any CPU.Build.0 = Debug|Any CPU
		{B058E110-ADBA-43CB-BA4A-60B5A3EC7D35}.Debug|x64.ActiveCfg = Debug|Any CPU
		{B058E110-ADBA-43CB-BA4A-60B5A3EC7D35}.Debug|x64.Build.0 = Debug|Any CPU
		{B058E110-ADBA-43CB-BA4A-60B5A3EC7D35}.Debug|x86.ActiveCfg = Debug|Any CPU
		{B058E110-ADBA-43CB-BA4A-60B5A3EC7D35}.Debug|x86.Build.0 = Debug|Any CPU
		{B058E110-ADBA-43CB-BA4A-60B5A3EC7D35}.Release|Any CPU.ActiveCfg = Release|Any CPU
		{B058E110-ADBA-43CB-BA4A-60B5A3EC7D35}.Release|Any CPU.Build.0 = Release|Any CPU
		{B058E110-ADBA-43CB-BA4A-60B5A3EC7D35}.Release|x64.ActiveCfg = Release|Any CPU
		{B058E110-ADBA-43CB-BA4A-60B5A3EC7D35}.Release|x64.Build.0 = Release|Any CPU
		{B058E110-ADBA-43CB-BA4A-60B5A3EC7D35}.Release|x86.ActiveCfg = Release|Any CPU
		{B058E110-ADBA-43CB-BA4A-60B5A3EC7D35}.Release|x86.Build.0 = Release|Any CPU
		{BDD6179F-3BEC-4DBF-AE95-6E30443A5A5C}.Debug|Any CPU.ActiveCfg = Debug|Any CPU
		{BDD6179F-3BEC-4DBF-AE95-6E30443A5A5C}.Debug|Any CPU.Build.0 = Debug|Any CPU
		{BDD6179F-3BEC-4DBF-AE95-6E30443A5A5C}.Debug|x64.ActiveCfg = Debug|Any CPU
		{BDD6179F-3BEC-4DBF-AE95-6E30443A5A5C}.Debug|x64.Build.0 = Debug|Any CPU
		{BDD6179F-3BEC-4DBF-AE95-6E30443A5A5C}.Debug|x86.ActiveCfg = Debug|Any CPU
		{BDD6179F-3BEC-4DBF-AE95-6E30443A5A5C}.Debug|x86.Build.0 = Debug|Any CPU
		{BDD6179F-3BEC-4DBF-AE95-6E30443A5A5C}.Release|Any CPU.ActiveCfg = Release|Any CPU
		{BDD6179F-3BEC-4DBF-AE95-6E30443A5A5C}.Release|Any CPU.Build.0 = Release|Any CPU
		{BDD6179F-3BEC-4DBF-AE95-6E30443A5A5C}.Release|x64.ActiveCfg = Release|Any CPU
		{BDD6179F-3BEC-4DBF-AE95-6E30443A5A5C}.Release|x64.Build.0 = Release|Any CPU
		{BDD6179F-3BEC-4DBF-AE95-6E30443A5A5C}.Release|x86.ActiveCfg = Release|Any CPU
		{BDD6179F-3BEC-4DBF-AE95-6E30443A5A5C}.Release|x86.Build.0 = Release|Any CPU
		{E217F26C-8DEA-4B63-84CF-D751F87D6C8A}.Debug|Any CPU.ActiveCfg = Debug|Any CPU
		{E217F26C-8DEA-4B63-84CF-D751F87D6C8A}.Debug|Any CPU.Build.0 = Debug|Any CPU
		{E217F26C-8DEA-4B63-84CF-D751F87D6C8A}.Debug|x64.ActiveCfg = Debug|Any CPU
		{E217F26C-8DEA-4B63-84CF-D751F87D6C8A}.Debug|x64.Build.0 = Debug|Any CPU
		{E217F26C-8DEA-4B63-84CF-D751F87D6C8A}.Debug|x86.ActiveCfg = Debug|Any CPU
		{E217F26C-8DEA-4B63-84CF-D751F87D6C8A}.Debug|x86.Build.0 = Debug|Any CPU
		{E217F26C-8DEA-4B63-84CF-D751F87D6C8A}.Release|Any CPU.ActiveCfg = Release|Any CPU
		{E217F26C-8DEA-4B63-84CF-D751F87D6C8A}.Release|Any CPU.Build.0 = Release|Any CPU
		{E217F26C-8DEA-4B63-84CF-D751F87D6C8A}.Release|x64.ActiveCfg = Release|Any CPU
		{E217F26C-8DEA-4B63-84CF-D751F87D6C8A}.Release|x64.Build.0 = Release|Any CPU
		{E217F26C-8DEA-4B63-84CF-D751F87D6C8A}.Release|x86.ActiveCfg = Release|Any CPU
		{E217F26C-8DEA-4B63-84CF-D751F87D6C8A}.Release|x86.Build.0 = Release|Any CPU
		{6EB19228-7192-43BE-8F1A-D588F131D4B9}.Debug|Any CPU.ActiveCfg = Debug|Any CPU
		{6EB19228-7192-43BE-8F1A-D588F131D4B9}.Debug|Any CPU.Build.0 = Debug|Any CPU
		{6EB19228-7192-43BE-8F1A-D588F131D4B9}.Debug|x64.ActiveCfg = Debug|Any CPU
		{6EB19228-7192-43BE-8F1A-D588F131D4B9}.Debug|x64.Build.0 = Debug|Any CPU
		{6EB19228-7192-43BE-8F1A-D588F131D4B9}.Debug|x86.ActiveCfg = Debug|Any CPU
		{6EB19228-7192-43BE-8F1A-D588F131D4B9}.Debug|x86.Build.0 = Debug|Any CPU
		{6EB19228-7192-43BE-8F1A-D588F131D4B9}.Release|Any CPU.ActiveCfg = Release|Any CPU
		{6EB19228-7192-43BE-8F1A-D588F131D4B9}.Release|Any CPU.Build.0 = Release|Any CPU
		{6EB19228-7192-43BE-8F1A-D588F131D4B9}.Release|x64.ActiveCfg = Release|Any CPU
		{6EB19228-7192-43BE-8F1A-D588F131D4B9}.Release|x64.Build.0 = Release|Any CPU
		{6EB19228-7192-43BE-8F1A-D588F131D4B9}.Release|x86.ActiveCfg = Release|Any CPU
		{6EB19228-7192-43BE-8F1A-D588F131D4B9}.Release|x86.Build.0 = Release|Any CPU
		{0D78FB0D-BAF8-3EFC-5AD1-7B16BB4E7323}.Debug|Any CPU.ActiveCfg = Debug|Any CPU
		{0D78FB0D-BAF8-3EFC-5AD1-7B16BB4E7323}.Debug|Any CPU.Build.0 = Debug|Any CPU
		{0D78FB0D-BAF8-3EFC-5AD1-7B16BB4E7323}.Debug|x64.ActiveCfg = Debug|Any CPU
		{0D78FB0D-BAF8-3EFC-5AD1-7B16BB4E7323}.Debug|x64.Build.0 = Debug|Any CPU
		{0D78FB0D-BAF8-3EFC-5AD1-7B16BB4E7323}.Debug|x86.ActiveCfg = Debug|Any CPU
		{0D78FB0D-BAF8-3EFC-5AD1-7B16BB4E7323}.Debug|x86.Build.0 = Debug|Any CPU
		{0D78FB0D-BAF8-3EFC-5AD1-7B16BB4E7323}.Release|Any CPU.ActiveCfg = Release|Any CPU
		{0D78FB0D-BAF8-3EFC-5AD1-7B16BB4E7323}.Release|Any CPU.Build.0 = Release|Any CPU
		{0D78FB0D-BAF8-3EFC-5AD1-7B16BB4E7323}.Release|x64.ActiveCfg = Release|Any CPU
		{0D78FB0D-BAF8-3EFC-5AD1-7B16BB4E7323}.Release|x64.Build.0 = Release|Any CPU
		{0D78FB0D-BAF8-3EFC-5AD1-7B16BB4E7323}.Release|x86.ActiveCfg = Release|Any CPU
		{0D78FB0D-BAF8-3EFC-5AD1-7B16BB4E7323}.Release|x86.Build.0 = Release|Any CPU
		{13BC76FD-118A-9E7D-D911-C1B7F958CB7E}.Debug|Any CPU.ActiveCfg = Debug|Any CPU
		{13BC76FD-118A-9E7D-D911-C1B7F958CB7E}.Debug|Any CPU.Build.0 = Debug|Any CPU
		{13BC76FD-118A-9E7D-D911-C1B7F958CB7E}.Debug|x64.ActiveCfg = Debug|Any CPU
		{13BC76FD-118A-9E7D-D911-C1B7F958CB7E}.Debug|x64.Build.0 = Debug|Any CPU
		{13BC76FD-118A-9E7D-D911-C1B7F958CB7E}.Debug|x86.ActiveCfg = Debug|Any CPU
		{13BC76FD-118A-9E7D-D911-C1B7F958CB7E}.Debug|x86.Build.0 = Debug|Any CPU
		{13BC76FD-118A-9E7D-D911-C1B7F958CB7E}.Release|Any CPU.ActiveCfg = Release|Any CPU
		{13BC76FD-118A-9E7D-D911-C1B7F958CB7E}.Release|Any CPU.Build.0 = Release|Any CPU
		{13BC76FD-118A-9E7D-D911-C1B7F958CB7E}.Release|x64.ActiveCfg = Release|Any CPU
		{13BC76FD-118A-9E7D-D911-C1B7F958CB7E}.Release|x64.Build.0 = Release|Any CPU
		{13BC76FD-118A-9E7D-D911-C1B7F958CB7E}.Release|x86.ActiveCfg = Release|Any CPU
		{13BC76FD-118A-9E7D-D911-C1B7F958CB7E}.Release|x86.Build.0 = Release|Any CPU
		{509281B1-5562-4A13-8AD0-CBD4416A7A94}.Debug|Any CPU.ActiveCfg = Debug|Any CPU
		{509281B1-5562-4A13-8AD0-CBD4416A7A94}.Debug|Any CPU.Build.0 = Debug|Any CPU
		{509281B1-5562-4A13-8AD0-CBD4416A7A94}.Debug|x64.ActiveCfg = Debug|Any CPU
		{509281B1-5562-4A13-8AD0-CBD4416A7A94}.Debug|x64.Build.0 = Debug|Any CPU
		{509281B1-5562-4A13-8AD0-CBD4416A7A94}.Debug|x86.ActiveCfg = Debug|Any CPU
		{509281B1-5562-4A13-8AD0-CBD4416A7A94}.Debug|x86.Build.0 = Debug|Any CPU
		{509281B1-5562-4A13-8AD0-CBD4416A7A94}.Release|Any CPU.ActiveCfg = Release|Any CPU
		{509281B1-5562-4A13-8AD0-CBD4416A7A94}.Release|Any CPU.Build.0 = Release|Any CPU
		{509281B1-5562-4A13-8AD0-CBD4416A7A94}.Release|x64.ActiveCfg = Release|Any CPU
		{509281B1-5562-4A13-8AD0-CBD4416A7A94}.Release|x64.Build.0 = Release|Any CPU
		{509281B1-5562-4A13-8AD0-CBD4416A7A94}.Release|x86.ActiveCfg = Release|Any CPU
		{509281B1-5562-4A13-8AD0-CBD4416A7A94}.Release|x86.Build.0 = Release|Any CPU
		{D552F579-6FF1-9E1C-B1D2-DF5FC79AC6AC}.Debug|Any CPU.ActiveCfg = Debug|Any CPU
		{D552F579-6FF1-9E1C-B1D2-DF5FC79AC6AC}.Debug|Any CPU.Build.0 = Debug|Any CPU
		{D552F579-6FF1-9E1C-B1D2-DF5FC79AC6AC}.Debug|x64.ActiveCfg = Debug|Any CPU
		{D552F579-6FF1-9E1C-B1D2-DF5FC79AC6AC}.Debug|x64.Build.0 = Debug|Any CPU
		{D552F579-6FF1-9E1C-B1D2-DF5FC79AC6AC}.Debug|x86.ActiveCfg = Debug|Any CPU
		{D552F579-6FF1-9E1C-B1D2-DF5FC79AC6AC}.Debug|x86.Build.0 = Debug|Any CPU
		{D552F579-6FF1-9E1C-B1D2-DF5FC79AC6AC}.Release|Any CPU.ActiveCfg = Release|Any CPU
		{D552F579-6FF1-9E1C-B1D2-DF5FC79AC6AC}.Release|Any CPU.Build.0 = Release|Any CPU
		{D552F579-6FF1-9E1C-B1D2-DF5FC79AC6AC}.Release|x64.ActiveCfg = Release|Any CPU
		{D552F579-6FF1-9E1C-B1D2-DF5FC79AC6AC}.Release|x64.Build.0 = Release|Any CPU
		{D552F579-6FF1-9E1C-B1D2-DF5FC79AC6AC}.Release|x86.ActiveCfg = Release|Any CPU
		{D552F579-6FF1-9E1C-B1D2-DF5FC79AC6AC}.Release|x86.Build.0 = Release|Any CPU
		{05AE74B4-23E1-4B3B-BBCD-909C7BCA7562}.Debug|Any CPU.ActiveCfg = Debug|Any CPU
		{05AE74B4-23E1-4B3B-BBCD-909C7BCA7562}.Debug|Any CPU.Build.0 = Debug|Any CPU
		{05AE74B4-23E1-4B3B-BBCD-909C7BCA7562}.Debug|x64.ActiveCfg = Debug|Any CPU
		{05AE74B4-23E1-4B3B-BBCD-909C7BCA7562}.Debug|x64.Build.0 = Debug|Any CPU
		{05AE74B4-23E1-4B3B-BBCD-909C7BCA7562}.Debug|x86.ActiveCfg = Debug|Any CPU
		{05AE74B4-23E1-4B3B-BBCD-909C7BCA7562}.Debug|x86.Build.0 = Debug|Any CPU
		{05AE74B4-23E1-4B3B-BBCD-909C7BCA7562}.Release|Any CPU.ActiveCfg = Release|Any CPU
		{05AE74B4-23E1-4B3B-BBCD-909C7BCA7562}.Release|Any CPU.Build.0 = Release|Any CPU
		{05AE74B4-23E1-4B3B-BBCD-909C7BCA7562}.Release|x64.ActiveCfg = Release|Any CPU
		{05AE74B4-23E1-4B3B-BBCD-909C7BCA7562}.Release|x64.Build.0 = Release|Any CPU
		{05AE74B4-23E1-4B3B-BBCD-909C7BCA7562}.Release|x86.ActiveCfg = Release|Any CPU
		{05AE74B4-23E1-4B3B-BBCD-909C7BCA7562}.Release|x86.Build.0 = Release|Any CPU
		{BAD91D0E-4377-461A-8765-7C52D6CC8E0D}.Debug|Any CPU.ActiveCfg = Debug|Any CPU
		{BAD91D0E-4377-461A-8765-7C52D6CC8E0D}.Debug|Any CPU.Build.0 = Debug|Any CPU
		{BAD91D0E-4377-461A-8765-7C52D6CC8E0D}.Debug|x64.ActiveCfg = Debug|Any CPU
		{BAD91D0E-4377-461A-8765-7C52D6CC8E0D}.Debug|x64.Build.0 = Debug|Any CPU
		{BAD91D0E-4377-461A-8765-7C52D6CC8E0D}.Debug|x86.ActiveCfg = Debug|Any CPU
		{BAD91D0E-4377-461A-8765-7C52D6CC8E0D}.Debug|x86.Build.0 = Debug|Any CPU
		{BAD91D0E-4377-461A-8765-7C52D6CC8E0D}.Release|Any CPU.ActiveCfg = Release|Any CPU
		{BAD91D0E-4377-461A-8765-7C52D6CC8E0D}.Release|Any CPU.Build.0 = Release|Any CPU
		{BAD91D0E-4377-461A-8765-7C52D6CC8E0D}.Release|x64.ActiveCfg = Release|Any CPU
		{BAD91D0E-4377-461A-8765-7C52D6CC8E0D}.Release|x64.Build.0 = Release|Any CPU
		{BAD91D0E-4377-461A-8765-7C52D6CC8E0D}.Release|x86.ActiveCfg = Release|Any CPU
		{BAD91D0E-4377-461A-8765-7C52D6CC8E0D}.Release|x86.Build.0 = Release|Any CPU
		{D302FABC-E222-41D2-9C00-AB6413CCA673}.Debug|Any CPU.ActiveCfg = Debug|Any CPU
		{D302FABC-E222-41D2-9C00-AB6413CCA673}.Debug|Any CPU.Build.0 = Debug|Any CPU
		{D302FABC-E222-41D2-9C00-AB6413CCA673}.Debug|x64.ActiveCfg = Debug|Any CPU
		{D302FABC-E222-41D2-9C00-AB6413CCA673}.Debug|x64.Build.0 = Debug|Any CPU
		{D302FABC-E222-41D2-9C00-AB6413CCA673}.Debug|x86.ActiveCfg = Debug|Any CPU
		{D302FABC-E222-41D2-9C00-AB6413CCA673}.Debug|x86.Build.0 = Debug|Any CPU
		{D302FABC-E222-41D2-9C00-AB6413CCA673}.Release|Any CPU.ActiveCfg = Release|Any CPU
		{D302FABC-E222-41D2-9C00-AB6413CCA673}.Release|Any CPU.Build.0 = Release|Any CPU
		{D302FABC-E222-41D2-9C00-AB6413CCA673}.Release|x64.ActiveCfg = Release|Any CPU
		{D302FABC-E222-41D2-9C00-AB6413CCA673}.Release|x64.Build.0 = Release|Any CPU
		{D302FABC-E222-41D2-9C00-AB6413CCA673}.Release|x86.ActiveCfg = Release|Any CPU
		{D302FABC-E222-41D2-9C00-AB6413CCA673}.Release|x86.Build.0 = Release|Any CPU
		{F5456804-EF01-412C-8011-C391DCC9DE4E}.Debug|Any CPU.ActiveCfg = Debug|Any CPU
		{F5456804-EF01-412C-8011-C391DCC9DE4E}.Debug|Any CPU.Build.0 = Debug|Any CPU
		{F5456804-EF01-412C-8011-C391DCC9DE4E}.Debug|x64.ActiveCfg = Debug|Any CPU
		{F5456804-EF01-412C-8011-C391DCC9DE4E}.Debug|x64.Build.0 = Debug|Any CPU
		{F5456804-EF01-412C-8011-C391DCC9DE4E}.Debug|x86.ActiveCfg = Debug|Any CPU
		{F5456804-EF01-412C-8011-C391DCC9DE4E}.Debug|x86.Build.0 = Debug|Any CPU
		{F5456804-EF01-412C-8011-C391DCC9DE4E}.Release|Any CPU.ActiveCfg = Release|Any CPU
		{F5456804-EF01-412C-8011-C391DCC9DE4E}.Release|Any CPU.Build.0 = Release|Any CPU
		{F5456804-EF01-412C-8011-C391DCC9DE4E}.Release|x64.ActiveCfg = Release|Any CPU
		{F5456804-EF01-412C-8011-C391DCC9DE4E}.Release|x64.Build.0 = Release|Any CPU
		{F5456804-EF01-412C-8011-C391DCC9DE4E}.Release|x86.ActiveCfg = Release|Any CPU
		{F5456804-EF01-412C-8011-C391DCC9DE4E}.Release|x86.Build.0 = Release|Any CPU
	EndGlobalSection
	GlobalSection(SolutionProperties) = preSolution
		HideSolutionNode = FALSE
	EndGlobalSection
	GlobalSection(NestedProjects) = preSolution
		{B9BBDD13-A141-4A23-8E04-F00F48800EDD} = {0DA0DDCA-CF1F-4F3A-87FC-B527A04026E0}
		{E4FBCFAA-8B20-42DA-9160-4CB62769682A} = {0DA0DDCA-CF1F-4F3A-87FC-B527A04026E0}
		{53C41BF3-9D5F-468E-8463-AD62B2082A68} = {596BF733-3CBE-4975-ABA3-45A6E2D357A5}
		{D54B29E6-15C1-4D82-B836-097C82983DEE} = {310F2C5A-6698-4ABF-898E-5166CB08C4ED}
		{98445655-23DF-4854-A8E2-060901C55693} = {310F2C5A-6698-4ABF-898E-5166CB08C4ED}
		{C7327D4E-09CF-4484-A522-536FFD1D60CD} = {310F2C5A-6698-4ABF-898E-5166CB08C4ED}
		{F79A472F-727A-411A-8484-761D27D19B8A} = {310F2C5A-6698-4ABF-898E-5166CB08C4ED}
		{974370CE-9CE8-42FD-97AD-1FE3C991D4A2} = {310F2C5A-6698-4ABF-898E-5166CB08C4ED}
		{63CE1D8E-D610-4E1F-9557-3BC8C4AB5559} = {310F2C5A-6698-4ABF-898E-5166CB08C4ED}
		{260B3617-531F-4277-8FA3-79F2E0701613} = {310F2C5A-6698-4ABF-898E-5166CB08C4ED}
		{C2D53219-27D3-4A5B-88F2-CAE80644235B} = {260B3617-531F-4277-8FA3-79F2E0701613}
		{7567CF9B-7FB5-44EC-99D5-1B5AB9AE7387} = {F79A472F-727A-411A-8484-761D27D19B8A}
		{568D3A4C-21DE-4C4E-A7C6-0B62182C5E84} = {63CE1D8E-D610-4E1F-9557-3BC8C4AB5559}
		{D5923B5A-72F6-4D11-95AA-B33892B1C8F3} = {310F2C5A-6698-4ABF-898E-5166CB08C4ED}
		{A0C4F154-6113-4377-87E9-148A0090A357} = {0DA0DDCA-CF1F-4F3A-87FC-B527A04026E0}
		{598875B7-CE89-4733-9750-F603FB444F3C} = {974370CE-9CE8-42FD-97AD-1FE3C991D4A2}
		{8343DF15-77C0-43C2-B607-DCC50E00F0E5} = {0DA0DDCA-CF1F-4F3A-87FC-B527A04026E0}
		{B2EE82B0-F237-4F29-987F-F870CF997092} = {8343DF15-77C0-43C2-B607-DCC50E00F0E5}
		{E5482513-87B2-4615-A738-85312B35D248} = {F79A472F-727A-411A-8484-761D27D19B8A}
		{3BCDF0B9-CC31-45A9-9187-61030DAC457B} = {F79A472F-727A-411A-8484-761D27D19B8A}
		{FABA3A39-32C2-6040-5503-A37A6C4591A1} = {E5482513-87B2-4615-A738-85312B35D248}
		{96DAE549-1579-BCD5-1407-EC502AAF7A10} = {E5482513-87B2-4615-A738-85312B35D248}
		{99EA277D-1511-AC2F-89B0-3120D9EF0D74} = {3BCDF0B9-CC31-45A9-9187-61030DAC457B}
		{AC3DCE5A-3542-46EB-6334-6595D4167590} = {3BCDF0B9-CC31-45A9-9187-61030DAC457B}
		{4C00CE41-F93C-BC03-5C22-1E152025BE87} = {3BCDF0B9-CC31-45A9-9187-61030DAC457B}
		{76D9DA60-9FEF-428D-BB8F-D5CC37C2BF9E} = {63CE1D8E-D610-4E1F-9557-3BC8C4AB5559}
		{C8F5A6EF-509C-4AC5-A1E2-979ACC59E275} = {63CE1D8E-D610-4E1F-9557-3BC8C4AB5559}
		{41B6E8CF-A438-5938-4A6F-1DD952A3A018} = {C8F5A6EF-509C-4AC5-A1E2-979ACC59E275}
		{66231801-8C0A-8475-562C-633E4B0BCD0C} = {76D9DA60-9FEF-428D-BB8F-D5CC37C2BF9E}
		{E95EB8D4-1ACC-918E-3BE8-F4375AB4249E} = {76D9DA60-9FEF-428D-BB8F-D5CC37C2BF9E}
		{D3BD263B-540E-4336-CC0C-71E7DB864703} = {76D9DA60-9FEF-428D-BB8F-D5CC37C2BF9E}
		{B7F65696-6B3F-4EA6-9414-93B34D9AEF9F} = {260B3617-531F-4277-8FA3-79F2E0701613}
		{B1842AE8-41DB-4476-89EB-FAD6373F064E} = {260B3617-531F-4277-8FA3-79F2E0701613}
		{E476274C-FEAF-4EBD-AC24-C7D0382888A0} = {974370CE-9CE8-42FD-97AD-1FE3C991D4A2}
		{33C6BAE6-4C08-470F-BE4E-B91B0B1827A7} = {974370CE-9CE8-42FD-97AD-1FE3C991D4A2}
		{EC5C0FCF-92C1-36C3-BED5-40F6CB12A239} = {E476274C-FEAF-4EBD-AC24-C7D0382888A0}
		{C71CDD94-09C4-D33A-99C4-FD910E9A45F8} = {33C6BAE6-4C08-470F-BE4E-B91B0B1827A7}
		{A6AF0F16-E496-9F3D-573C-A7655291E3C2} = {33C6BAE6-4C08-470F-BE4E-B91B0B1827A7}
		{183AA6B1-F6B3-4B4C-D951-BF44A889B90A} = {33C6BAE6-4C08-470F-BE4E-B91B0B1827A7}
		{62175B17-8406-6674-792C-1C8E68BC11DC} = {598875B7-CE89-4733-9750-F603FB444F3C}
		{999A8EF4-1F3F-512E-A1EF-B0A52B80CA8F} = {568D3A4C-21DE-4C4E-A7C6-0B62182C5E84}
		{21A5BB6B-3737-4409-8E56-5098344DCBC8} = {C7327D4E-09CF-4484-A522-536FFD1D60CD}
		{D083BC24-E9D0-49D2-AB17-BE44090D7C91} = {C7327D4E-09CF-4484-A522-536FFD1D60CD}
		{AE5C9BDD-F6CF-0631-B361-76F71F1CD78E} = {21A5BB6B-3737-4409-8E56-5098344DCBC8}
		{FCDFD1E7-09A2-4EC2-D466-EA383573FF42} = {D083BC24-E9D0-49D2-AB17-BE44090D7C91}
		{1DF3D60E-7977-E145-25E9-BCC7B431C306} = {D083BC24-E9D0-49D2-AB17-BE44090D7C91}
		{6E9D6A3D-1E72-F08D-51FF-FCF9C47FEF93} = {D083BC24-E9D0-49D2-AB17-BE44090D7C91}
		{61C51F55-CD8E-4818-A67D-796420756B79} = {C7327D4E-09CF-4484-A522-536FFD1D60CD}
		{E1A4E47F-BC25-43C9-A5C5-F733D57733CC} = {61C51F55-CD8E-4818-A67D-796420756B79}
		{C2150691-1A46-4372-A7C9-CB1B2FCDB6C4} = {598875B7-CE89-4733-9750-F603FB444F3C}
		{2660AED7-398D-4BBF-C917-6F6BCA796115} = {7567CF9B-7FB5-44EC-99D5-1B5AB9AE7387}
		{5B95092B-116F-4366-BE98-8335B97A7307} = {98445655-23DF-4854-A8E2-060901C55693}
		{2026176B-C8C6-4BB0-8E9A-EDBB8F10BE14} = {98445655-23DF-4854-A8E2-060901C55693}
		{96B4C36E-1FEC-479E-B546-2A72341D0E7C} = {98445655-23DF-4854-A8E2-060901C55693}
		{C475DD49-DB88-48D7-BB87-798492731DE0} = {D54B29E6-15C1-4D82-B836-097C82983DEE}
		{AF1937E6-80AD-4DBC-81E6-B7A3EC5887BF} = {D54B29E6-15C1-4D82-B836-097C82983DEE}
		{10F1ADF5-5785-48A7-8389-23C2D838B03E} = {D54B29E6-15C1-4D82-B836-097C82983DEE}
		{01F33679-4686-45FA-8234-DAAB7A8E3901} = {D5923B5A-72F6-4D11-95AA-B33892B1C8F3}
		{AF9E1391-C06B-46B5-A187-347FCE1C317F} = {D5923B5A-72F6-4D11-95AA-B33892B1C8F3}
		{A4F1EA1D-47A2-11BA-1563-6F8E37E8A3C0} = {5B95092B-116F-4366-BE98-8335B97A7307}
		{B65500C2-CBDC-CB40-48BB-8089BC022800} = {2026176B-C8C6-4BB0-8E9A-EDBB8F10BE14}
		{C9F6F22F-D8CE-1013-3277-ABEECEC6BA3E} = {2026176B-C8C6-4BB0-8E9A-EDBB8F10BE14}
		{33E025C3-D818-DE75-2864-F7E638F24A61} = {2026176B-C8C6-4BB0-8E9A-EDBB8F10BE14}
		{19A7840C-8496-6ACC-52FA-3A91986686D2} = {5B95092B-116F-4366-BE98-8335B97A7307}
		{6A7FB916-811F-6748-8144-484A0E455289} = {8343DF15-77C0-43C2-B607-DCC50E00F0E5}
		{236C9D68-5907-F6C3-A777-764F7FB5ED0A} = {C475DD49-DB88-48D7-BB87-798492731DE0}
		{A75D4542-9D3D-C3F7-934C-54CCBA9BC12E} = {AF1937E6-80AD-4DBC-81E6-B7A3EC5887BF}
		{ABC5B561-0A43-CD92-6879-F3C0EBAE9A96} = {AF1937E6-80AD-4DBC-81E6-B7A3EC5887BF}
		{9AAA49B9-E333-7F3D-D32D-4D2F0DB945E2} = {AF1937E6-80AD-4DBC-81E6-B7A3EC5887BF}
		{5A5D7646-E3BD-0434-1B11-7F126EB37D1B} = {10F1ADF5-5785-48A7-8389-23C2D838B03E}
		{A6415EAE-B5C0-C31F-845A-993F742767DD} = {7567CF9B-7FB5-44EC-99D5-1B5AB9AE7387}
		{30A0506A-BBBB-4ADD-0AAD-EA6B1CF4A734} = {B7F65696-6B3F-4EA6-9414-93B34D9AEF9F}
		{EDBBC0F6-9062-278F-4AA5-40C6AEB6836A} = {B1842AE8-41DB-4476-89EB-FAD6373F064E}
		{105AF2A3-094C-AD1F-B588-CD08907FB6E2} = {B1842AE8-41DB-4476-89EB-FAD6373F064E}
		{6B08E72B-5F91-3028-9CB9-9C7F4ABAFE1B} = {B1842AE8-41DB-4476-89EB-FAD6373F064E}
		{B0181333-C21A-0701-BDDF-A4A5558C5810} = {C2D53219-27D3-4A5B-88F2-CAE80644235B}
		{B8D57A7D-D76B-AAF9-12DA-A0957F6A2690} = {C2D53219-27D3-4A5B-88F2-CAE80644235B}
		{F3D26BD9-D3B6-55FB-EE05-EAC5A72AA47D} = {01F33679-4686-45FA-8234-DAAB7A8E3901}
		{D59B5876-1305-B942-44D8-9FB0ABED7F85} = {AF9E1391-C06B-46B5-A187-347FCE1C317F}
		{E8A4B54C-6FAB-0C4D-9B15-D3DD6A7BE4FB} = {AF9E1391-C06B-46B5-A187-347FCE1C317F}
		{9CF843AB-763C-25EB-E705-A8F391358BAC} = {AF9E1391-C06B-46B5-A187-347FCE1C317F}
		{E7DEE718-0BBC-43CA-AC98-0EE05BB92A53} = {59F528E4-0F6F-4C07-875B-683DF5EEE3EF}
		{B058E110-ADBA-43CB-BA4A-60B5A3EC7D35} = {8343DF15-77C0-43C2-B607-DCC50E00F0E5}
		{BDD6179F-3BEC-4DBF-AE95-6E30443A5A5C} = {8343DF15-77C0-43C2-B607-DCC50E00F0E5}
		{E217F26C-8DEA-4B63-84CF-D751F87D6C8A} = {E476274C-FEAF-4EBD-AC24-C7D0382888A0}
		{6EB19228-7192-43BE-8F1A-D588F131D4B9} = {01F33679-4686-45FA-8234-DAAB7A8E3901}
		{474C254C-7A60-4AE7-AEF1-9F135C3D59B0} = {310F2C5A-6698-4ABF-898E-5166CB08C4ED}
		{FFDEFC99-B834-4123-B53B-32434527EF0A} = {474C254C-7A60-4AE7-AEF1-9F135C3D59B0}
		{0D78FB0D-BAF8-3EFC-5AD1-7B16BB4E7323} = {FFDEFC99-B834-4123-B53B-32434527EF0A}
		{13BC76FD-118A-9E7D-D911-C1B7F958CB7E} = {568D3A4C-21DE-4C4E-A7C6-0B62182C5E84}
		{509281B1-5562-4A13-8AD0-CBD4416A7A94} = {8343DF15-77C0-43C2-B607-DCC50E00F0E5}
		{D552F579-6FF1-9E1C-B1D2-DF5FC79AC6AC} = {C8F5A6EF-509C-4AC5-A1E2-979ACC59E275}
		{984BB9B3-3FA3-BE33-9484-CAC21695A33C} = {827E0CD3-B72D-47B6-A68D-7590B98EB39B}
		{3FB03296-F262-2760-9861-73C41AF3766C} = {984BB9B3-3FA3-BE33-9484-CAC21695A33C}
		{85F3D6BE-71BF-53F0-C421-49546D42765A} = {3FB03296-F262-2760-9861-73C41AF3766C}
		{05AE74B4-23E1-4B3B-BBCD-909C7BCA7562} = {85F3D6BE-71BF-53F0-C421-49546D42765A}
		{BAD91D0E-4377-461A-8765-7C52D6CC8E0D} = {85F3D6BE-71BF-53F0-C421-49546D42765A}
		{D302FABC-E222-41D2-9C00-AB6413CCA673} = {85F3D6BE-71BF-53F0-C421-49546D42765A}
		{80456CD5-04CD-3B7E-CAA9-9D2EE6B45229} = {3FB03296-F262-2760-9861-73C41AF3766C}
		{F5456804-EF01-412C-8011-C391DCC9DE4E} = {80456CD5-04CD-3B7E-CAA9-9D2EE6B45229}
	EndGlobalSection
	GlobalSection(ExtensibilityGlobals) = postSolution
		SolutionGuid = {F6F14A8F-92CF-46E4-99A4-78E0093FC991}
	EndGlobalSection
EndGlobal
